// !$*UTF8*$!
{
	archiveVersion = 1;
	classes = {
	};
	objectVersion = 55;
	objects = {

/* Begin PBXBuildFile section */
		0CCB69EA471B4475ED5C917F /* Pods_GoRightNow.framework in Frameworks */ = {isa = PBXBuildFile; fileRef = B0A8AE6DEBE0C3E3FC408209 /* Pods_GoRightNow.framework */; };
		25914FD9282EA6AD00FD103B /* PartialSheet in Frameworks */ = {isa = PBXBuildFile; productRef = 25914FD8282EA6AD00FD103B /* PartialSheet */; };
		6CB917F6C4A952D57A606F15 /* Pods_GoRightNowTests.framework in Frameworks */ = {isa = PBXBuildFile; fileRef = C985404305B2B7A556D18070 /* Pods_GoRightNowTests.framework */; };
		7862904DEF2D9F6FF3382BF5 /* MainApp.swift in Sources */ = {isa = PBXBuildFile; fileRef = 78629D9BD52AC1C85ABFCE93 /* MainApp.swift */; };
		B2A1710949B910136133626B /* Pods_GoRightNow_GoRightNowUITests.framework in Frameworks */ = {isa = PBXBuildFile; fileRef = 011AC6619F9509ACF0AE79AB /* Pods_GoRightNow_GoRightNowUITests.framework */; };
		EF11F217282DF2D600E3761A /* Jamo.swift in Sources */ = {isa = PBXBuildFile; fileRef = EF11F216282DF2D600E3761A /* Jamo.swift */; };
		EF11F21A2831FBEE00E3761A /* PlannerView.swift in Sources */ = {isa = PBXBuildFile; fileRef = EF11F2192831FBEE00E3761A /* PlannerView.swift */; };
		EF11F21C283208D900E3761A /* ViewSelect.swift in Sources */ = {isa = PBXBuildFile; fileRef = EF11F21B283208D900E3761A /* ViewSelect.swift */; };
		EF11F21E2832270000E3761A /* PlannerModelView.swift in Sources */ = {isa = PBXBuildFile; fileRef = EF11F21D2832270000E3761A /* PlannerModelView.swift */; };
		EF11F2202832270A00E3761A /* PlannerModel.swift in Sources */ = {isa = PBXBuildFile; fileRef = EF11F21F2832270A00E3761A /* PlannerModel.swift */; };
		EF252A9A282DECB900B2A14C /* Theme.swift in Sources */ = {isa = PBXBuildFile; fileRef = EF252A99282DECB900B2A14C /* Theme.swift */; };
		EF54196028044BDF00C4CAFA /* SearchBar.swift in Sources */ = {isa = PBXBuildFile; fileRef = EF54195F28044BDF00C4CAFA /* SearchBar.swift */; };
		EF5419622804582000C4CAFA /* SideMenu.swift in Sources */ = {isa = PBXBuildFile; fileRef = EF5419612804582000C4CAFA /* SideMenu.swift */; };
		EF682A53281D7AC800F08CF4 /* SettingView.swift in Sources */ = {isa = PBXBuildFile; fileRef = EF682A52281D7AC800F08CF4 /* SettingView.swift */; };
		EF8116E2281F6C9D0005B178 /* CountryList.swift in Sources */ = {isa = PBXBuildFile; fileRef = EF8116E1281F6C9D0005B178 /* CountryList.swift */; };
		EFD03D8B2827FCEF007C88EE /* Preview Content in Resources */ = {isa = PBXBuildFile; fileRef = EFD03D822827FCEF007C88EE /* Preview Content */; };
		EFDAC75B280548330091C11F /* GoRightNowModel.swift in Sources */ = {isa = PBXBuildFile; fileRef = EFDAC75A280548330091C11F /* GoRightNowModel.swift */; };
		EFDAC75D280548410091C11F /* GoRightNowModelView.swift in Sources */ = {isa = PBXBuildFile; fileRef = EFDAC75C280548410091C11F /* GoRightNowModelView.swift */; };
		EFE7714A28043628005CCE52 /* GoRightNowApp.swift in Sources */ = {isa = PBXBuildFile; fileRef = EFE7714928043628005CCE52 /* GoRightNowApp.swift */; };
		EFE7714C28043628005CCE52 /* GoRightNow.swift in Sources */ = {isa = PBXBuildFile; fileRef = EFE7714B28043628005CCE52 /* GoRightNow.swift */; };
		EFE7714E28043629005CCE52 /* Assets.xcassets in Resources */ = {isa = PBXBuildFile; fileRef = EFE7714D28043629005CCE52 /* Assets.xcassets */; };
		EFE7715128043629005CCE52 /* Preview Assets.xcassets in Resources */ = {isa = PBXBuildFile; fileRef = EFE7715028043629005CCE52 /* Preview Assets.xcassets */; };
		EFE7716028043629005CCE52 /* GoRightNowTests.swift in Sources */ = {isa = PBXBuildFile; fileRef = EFE7715F28043629005CCE52 /* GoRightNowTests.swift */; };
		EFE7716A28043629005CCE52 /* GoRightNowUITests.swift in Sources */ = {isa = PBXBuildFile; fileRef = EFE7716928043629005CCE52 /* GoRightNowUITests.swift */; };
		EFE7716C28043629005CCE52 /* GoRightNowUITestsLaunchTests.swift in Sources */ = {isa = PBXBuildFile; fileRef = EFE7716B28043629005CCE52 /* GoRightNowUITestsLaunchTests.swift */; };
		EFEEF90028223EB9008FD759 /* CountryDetailView.swift in Sources */ = {isa = PBXBuildFile; fileRef = EFEEF8FF28223EB9008FD759 /* CountryDetailView.swift */; };
		FE0955902827B60000834325 /* Info.plist in Resources */ = {isa = PBXBuildFile; fileRef = FE09558D2827B60000834325 /* Info.plist */; };
		FE0955912827B60000834325 /* Info.plist in Resources */ = {isa = PBXBuildFile; fileRef = FE09558D2827B60000834325 /* Info.plist */; };
		FE0955922827B60000834325 /* CallAPI.swift in Sources */ = {isa = PBXBuildFile; fileRef = FE09558E2827B60000834325 /* CallAPI.swift */; };
		FE0955932827B60000834325 /* CallAPI.swift in Sources */ = {isa = PBXBuildFile; fileRef = FE09558E2827B60000834325 /* CallAPI.swift */; };
		FE0955942827B60000834325 /* CallAPI.swift in Sources */ = {isa = PBXBuildFile; fileRef = FE09558E2827B60000834325 /* CallAPI.swift */; };
/* End PBXBuildFile section */

/* Begin PBXContainerItemProxy section */
		EFE7715C28043629005CCE52 /* PBXContainerItemProxy */ = {
			isa = PBXContainerItemProxy;
			containerPortal = EFE7713E28043628005CCE52 /* Project object */;
			proxyType = 1;
			remoteGlobalIDString = EFE7714528043628005CCE52;
			remoteInfo = GoRightNow;
		};
		EFE7716628043629005CCE52 /* PBXContainerItemProxy */ = {
			isa = PBXContainerItemProxy;
			containerPortal = EFE7713E28043628005CCE52 /* Project object */;
			proxyType = 1;
			remoteGlobalIDString = EFE7714528043628005CCE52;
			remoteInfo = GoRightNow;
		};
/* End PBXContainerItemProxy section */

/* Begin PBXFileReference section */
		011AC6619F9509ACF0AE79AB /* Pods_GoRightNow_GoRightNowUITests.framework */ = {isa = PBXFileReference; explicitFileType = wrapper.framework; includeInIndex = 0; path = Pods_GoRightNow_GoRightNowUITests.framework; sourceTree = BUILT_PRODUCTS_DIR; };
		07D54BAD4C9DDE959F9AC2A2 /* Pods-GoRightNow.debug.xcconfig */ = {isa = PBXFileReference; includeInIndex = 1; lastKnownFileType = text.xcconfig; name = "Pods-GoRightNow.debug.xcconfig"; path = "Target Support Files/Pods-GoRightNow/Pods-GoRightNow.debug.xcconfig"; sourceTree = "<group>"; };
		32657803EBC28989B1C2549D /* Pods-GoRightNowTests.release.xcconfig */ = {isa = PBXFileReference; includeInIndex = 1; lastKnownFileType = text.xcconfig; name = "Pods-GoRightNowTests.release.xcconfig"; path = "Target Support Files/Pods-GoRightNowTests/Pods-GoRightNowTests.release.xcconfig"; sourceTree = "<group>"; };
		4AA915F01BBED547113F6785 /* Pods-GoRightNow.release.xcconfig */ = {isa = PBXFileReference; includeInIndex = 1; lastKnownFileType = text.xcconfig; name = "Pods-GoRightNow.release.xcconfig"; path = "Target Support Files/Pods-GoRightNow/Pods-GoRightNow.release.xcconfig"; sourceTree = "<group>"; };
		78629D9BD52AC1C85ABFCE93 /* MainApp.swift */ = {isa = PBXFileReference; fileEncoding = 4; lastKnownFileType = sourcecode.swift; path = MainApp.swift; sourceTree = "<group>"; };
		AB72B380C8DCE060B49416FE /* Pods-GoRightNow-GoRightNowUITests.release.xcconfig */ = {isa = PBXFileReference; includeInIndex = 1; lastKnownFileType = text.xcconfig; name = "Pods-GoRightNow-GoRightNowUITests.release.xcconfig"; path = "Target Support Files/Pods-GoRightNow-GoRightNowUITests/Pods-GoRightNow-GoRightNowUITests.release.xcconfig"; sourceTree = "<group>"; };
		B0A8AE6DEBE0C3E3FC408209 /* Pods_GoRightNow.framework */ = {isa = PBXFileReference; explicitFileType = wrapper.framework; includeInIndex = 0; path = Pods_GoRightNow.framework; sourceTree = BUILT_PRODUCTS_DIR; };
		B3BDDC80D9247F7DD9BF02BF /* Pods-GoRightNow-GoRightNowUITests.debug.xcconfig */ = {isa = PBXFileReference; includeInIndex = 1; lastKnownFileType = text.xcconfig; name = "Pods-GoRightNow-GoRightNowUITests.debug.xcconfig"; path = "Target Support Files/Pods-GoRightNow-GoRightNowUITests/Pods-GoRightNow-GoRightNowUITests.debug.xcconfig"; sourceTree = "<group>"; };
		C985404305B2B7A556D18070 /* Pods_GoRightNowTests.framework */ = {isa = PBXFileReference; explicitFileType = wrapper.framework; includeInIndex = 0; path = Pods_GoRightNowTests.framework; sourceTree = BUILT_PRODUCTS_DIR; };
		EA416C8F7FBAFAE9BFF42922 /* Pods-GoRightNowTests.debug.xcconfig */ = {isa = PBXFileReference; includeInIndex = 1; lastKnownFileType = text.xcconfig; name = "Pods-GoRightNowTests.debug.xcconfig"; path = "Target Support Files/Pods-GoRightNowTests/Pods-GoRightNowTests.debug.xcconfig"; sourceTree = "<group>"; };
		EF11F216282DF2D600E3761A /* Jamo.swift */ = {isa = PBXFileReference; lastKnownFileType = sourcecode.swift; path = Jamo.swift; sourceTree = "<group>"; };
		EF11F2192831FBEE00E3761A /* PlannerView.swift */ = {isa = PBXFileReference; lastKnownFileType = sourcecode.swift; path = PlannerView.swift; sourceTree = "<group>"; };
		EF11F21B283208D900E3761A /* ViewSelect.swift */ = {isa = PBXFileReference; lastKnownFileType = sourcecode.swift; path = ViewSelect.swift; sourceTree = "<group>"; };
		EF11F21D2832270000E3761A /* PlannerModelView.swift */ = {isa = PBXFileReference; lastKnownFileType = sourcecode.swift; path = PlannerModelView.swift; sourceTree = "<group>"; };
		EF11F21F2832270A00E3761A /* PlannerModel.swift */ = {isa = PBXFileReference; lastKnownFileType = sourcecode.swift; path = PlannerModel.swift; sourceTree = "<group>"; };
		EF252A99282DECB900B2A14C /* Theme.swift */ = {isa = PBXFileReference; lastKnownFileType = sourcecode.swift; path = Theme.swift; sourceTree = "<group>"; };
		EF54195F28044BDF00C4CAFA /* SearchBar.swift */ = {isa = PBXFileReference; lastKnownFileType = sourcecode.swift; path = SearchBar.swift; sourceTree = "<group>"; };
		EF5419612804582000C4CAFA /* SideMenu.swift */ = {isa = PBXFileReference; lastKnownFileType = sourcecode.swift; path = SideMenu.swift; sourceTree = "<group>"; };
		EF682A52281D7AC800F08CF4 /* SettingView.swift */ = {isa = PBXFileReference; lastKnownFileType = sourcecode.swift; path = SettingView.swift; sourceTree = "<group>"; };
		EF8116E1281F6C9D0005B178 /* CountryList.swift */ = {isa = PBXFileReference; lastKnownFileType = sourcecode.swift; path = CountryList.swift; sourceTree = "<group>"; };
		EFD03D822827FCEF007C88EE /* Preview Content */ = {isa = PBXFileReference; lastKnownFileType = folder; path = "Preview Content"; sourceTree = "<group>"; };
		EFDAC75A280548330091C11F /* GoRightNowModel.swift */ = {isa = PBXFileReference; lastKnownFileType = sourcecode.swift; path = GoRightNowModel.swift; sourceTree = "<group>"; };
		EFDAC75C280548410091C11F /* GoRightNowModelView.swift */ = {isa = PBXFileReference; lastKnownFileType = sourcecode.swift; path = GoRightNowModelView.swift; sourceTree = "<group>"; };
		EFE7714628043628005CCE52 /* GoRightNow.app */ = {isa = PBXFileReference; explicitFileType = wrapper.application; includeInIndex = 0; path = GoRightNow.app; sourceTree = BUILT_PRODUCTS_DIR; };
		EFE7714928043628005CCE52 /* GoRightNowApp.swift */ = {isa = PBXFileReference; lastKnownFileType = sourcecode.swift; path = GoRightNowApp.swift; sourceTree = "<group>"; };
		EFE7714B28043628005CCE52 /* GoRightNow.swift */ = {isa = PBXFileReference; lastKnownFileType = sourcecode.swift; path = GoRightNow.swift; sourceTree = "<group>"; };
		EFE7714D28043629005CCE52 /* Assets.xcassets */ = {isa = PBXFileReference; lastKnownFileType = folder.assetcatalog; path = Assets.xcassets; sourceTree = "<group>"; };
		EFE7715028043629005CCE52 /* Preview Assets.xcassets */ = {isa = PBXFileReference; lastKnownFileType = folder.assetcatalog; path = "Preview Assets.xcassets"; sourceTree = "<group>"; };
		EFE7715B28043629005CCE52 /* GoRightNowTests.xctest */ = {isa = PBXFileReference; explicitFileType = wrapper.cfbundle; includeInIndex = 0; path = GoRightNowTests.xctest; sourceTree = BUILT_PRODUCTS_DIR; };
		EFE7715F28043629005CCE52 /* GoRightNowTests.swift */ = {isa = PBXFileReference; lastKnownFileType = sourcecode.swift; path = GoRightNowTests.swift; sourceTree = "<group>"; };
		EFE7716528043629005CCE52 /* GoRightNowUITests.xctest */ = {isa = PBXFileReference; explicitFileType = wrapper.cfbundle; includeInIndex = 0; path = GoRightNowUITests.xctest; sourceTree = BUILT_PRODUCTS_DIR; };
		EFE7716928043629005CCE52 /* GoRightNowUITests.swift */ = {isa = PBXFileReference; lastKnownFileType = sourcecode.swift; path = GoRightNowUITests.swift; sourceTree = "<group>"; };
		EFE7716B28043629005CCE52 /* GoRightNowUITestsLaunchTests.swift */ = {isa = PBXFileReference; lastKnownFileType = sourcecode.swift; path = GoRightNowUITestsLaunchTests.swift; sourceTree = "<group>"; };
		EFEEF8FF28223EB9008FD759 /* CountryDetailView.swift */ = {isa = PBXFileReference; lastKnownFileType = sourcecode.swift; path = CountryDetailView.swift; sourceTree = "<group>"; };
		FE09558D2827B60000834325 /* Info.plist */ = {isa = PBXFileReference; fileEncoding = 4; lastKnownFileType = text.plist.xml; path = Info.plist; sourceTree = "<group>"; };
		FE09558E2827B60000834325 /* CallAPI.swift */ = {isa = PBXFileReference; fileEncoding = 4; lastKnownFileType = sourcecode.swift; path = CallAPI.swift; sourceTree = "<group>"; };
/* End PBXFileReference section */

/* Begin PBXFrameworksBuildPhase section */
		EFE7714328043628005CCE52 /* Frameworks */ = {
			isa = PBXFrameworksBuildPhase;
			buildActionMask = 2147483647;
			files = (
				25914FD9282EA6AD00FD103B /* PartialSheet in Frameworks */,
				0CCB69EA471B4475ED5C917F /* Pods_GoRightNow.framework in Frameworks */,
			);
			runOnlyForDeploymentPostprocessing = 0;
		};
		EFE7715828043629005CCE52 /* Frameworks */ = {
			isa = PBXFrameworksBuildPhase;
			buildActionMask = 2147483647;
			files = (
				6CB917F6C4A952D57A606F15 /* Pods_GoRightNowTests.framework in Frameworks */,
			);
			runOnlyForDeploymentPostprocessing = 0;
		};
		EFE7716228043629005CCE52 /* Frameworks */ = {
			isa = PBXFrameworksBuildPhase;
			buildActionMask = 2147483647;
			files = (
				B2A1710949B910136133626B /* Pods_GoRightNow_GoRightNowUITests.framework in Frameworks */,
			);
			runOnlyForDeploymentPostprocessing = 0;
		};
/* End PBXFrameworksBuildPhase section */

/* Begin PBXGroup section */
		31BEAB8B2709E0DD8512043F /* Pods */ = {
			isa = PBXGroup;
			children = (
				07D54BAD4C9DDE959F9AC2A2 /* Pods-GoRightNow.debug.xcconfig */,
				4AA915F01BBED547113F6785 /* Pods-GoRightNow.release.xcconfig */,
				B3BDDC80D9247F7DD9BF02BF /* Pods-GoRightNow-GoRightNowUITests.debug.xcconfig */,
				AB72B380C8DCE060B49416FE /* Pods-GoRightNow-GoRightNowUITests.release.xcconfig */,
				EA416C8F7FBAFAE9BFF42922 /* Pods-GoRightNowTests.debug.xcconfig */,
				32657803EBC28989B1C2549D /* Pods-GoRightNowTests.release.xcconfig */,
			);
			path = Pods;
			sourceTree = "<group>";
		};
		5345ABC0CBFFD99A7F2FAFC4 /* Frameworks */ = {
			isa = PBXGroup;
			children = (
				B0A8AE6DEBE0C3E3FC408209 /* Pods_GoRightNow.framework */,
				011AC6619F9509ACF0AE79AB /* Pods_GoRightNow_GoRightNowUITests.framework */,
				C985404305B2B7A556D18070 /* Pods_GoRightNowTests.framework */,
			);
			name = Frameworks;
			sourceTree = "<group>";
		};
		EF11F2182831FAF300E3761A /* Planner */ = {
			isa = PBXGroup;
			children = (
				EF11F2192831FBEE00E3761A /* PlannerView.swift */,
				EF11F21D2832270000E3761A /* PlannerModelView.swift */,
				EF11F21F2832270A00E3761A /* PlannerModel.swift */,
			);
			path = Planner;
			sourceTree = "<group>";
		};
		EFE7713D28043628005CCE52 = {
			isa = PBXGroup;
			children = (
				EFE7714828043628005CCE52 /* GoRightNow */,
				EFE7715E28043629005CCE52 /* GoRightNowTests */,
				EFE7716828043629005CCE52 /* GoRightNowUITests */,
				EFE7714728043628005CCE52 /* Products */,
				31BEAB8B2709E0DD8512043F /* Pods */,
				5345ABC0CBFFD99A7F2FAFC4 /* Frameworks */,
			);
			sourceTree = "<group>";
		};
		EFE7714728043628005CCE52 /* Products */ = {
			isa = PBXGroup;
			children = (
				EFE7714628043628005CCE52 /* GoRightNow.app */,
				EFE7715B28043629005CCE52 /* GoRightNowTests.xctest */,
				EFE7716528043629005CCE52 /* GoRightNowUITests.xctest */,
			);
			name = Products;
			sourceTree = "<group>";
		};
		EFE7714828043628005CCE52 /* GoRightNow */ = {
			isa = PBXGroup;
			children = (
				EF11F2182831FAF300E3761A /* Planner */,
				EF11F216282DF2D600E3761A /* Jamo.swift */,
				EFD03D822827FCEF007C88EE /* Preview Content */,
				EF682A52281D7AC800F08CF4 /* SettingView.swift */,
				EFEEF8FF28223EB9008FD759 /* CountryDetailView.swift */,
				EFE7714928043628005CCE52 /* GoRightNowApp.swift */,
				EFE7714B28043628005CCE52 /* GoRightNow.swift */,
				EF252A99282DECB900B2A14C /* Theme.swift */,
				FE09558E2827B60000834325 /* CallAPI.swift */,
				FE09558D2827B60000834325 /* Info.plist */,
				EFDAC75A280548330091C11F /* GoRightNowModel.swift */,
				EFDAC75C280548410091C11F /* GoRightNowModelView.swift */,
				EF54195F28044BDF00C4CAFA /* SearchBar.swift */,
				EF8116E1281F6C9D0005B178 /* CountryList.swift */,
				EF5419612804582000C4CAFA /* SideMenu.swift */,
				EFE7714D28043629005CCE52 /* Assets.xcassets */,
				EFE7714F28043629005CCE52 /* Preview Content */,
				EF11F21B283208D900E3761A /* ViewSelect.swift */,
				78629D9BD52AC1C85ABFCE93 /* MainApp.swift */,
			);
			path = GoRightNow;
			sourceTree = "<group>";
		};
		EFE7714F28043629005CCE52 /* Preview Content */ = {
			isa = PBXGroup;
			children = (
				EFE7715028043629005CCE52 /* Preview Assets.xcassets */,
			);
			path = "Preview Content";
			sourceTree = "<group>";
		};
		EFE7715E28043629005CCE52 /* GoRightNowTests */ = {
			isa = PBXGroup;
			children = (
				EFE7715F28043629005CCE52 /* GoRightNowTests.swift */,
			);
			path = GoRightNowTests;
			sourceTree = "<group>";
		};
		EFE7716828043629005CCE52 /* GoRightNowUITests */ = {
			isa = PBXGroup;
			children = (
				EFE7716928043629005CCE52 /* GoRightNowUITests.swift */,
				EFE7716B28043629005CCE52 /* GoRightNowUITestsLaunchTests.swift */,
			);
			path = GoRightNowUITests;
			sourceTree = "<group>";
		};
/* End PBXGroup section */

/* Begin PBXNativeTarget section */
		EFE7714528043628005CCE52 /* GoRightNow */ = {
			isa = PBXNativeTarget;
			buildConfigurationList = EFE7716F28043629005CCE52 /* Build configuration list for PBXNativeTarget "GoRightNow" */;
			buildPhases = (
				82746A3D701EBBD1F2ED2DA7 /* [CP] Check Pods Manifest.lock */,
				EFE7714228043628005CCE52 /* Sources */,
				EFE7714328043628005CCE52 /* Frameworks */,
				EFE7714428043628005CCE52 /* Resources */,
				5F915A90144DF6D1A51FD9FA /* [CP] Embed Pods Frameworks */,
			);
			buildRules = (
			);
			dependencies = (
			);
			name = GoRightNow;
			packageProductDependencies = (
				25914FD8282EA6AD00FD103B /* PartialSheet */,
			);
			productName = GoRightNow;
			productReference = EFE7714628043628005CCE52 /* GoRightNow.app */;
			productType = "com.apple.product-type.application";
		};
		EFE7715A28043629005CCE52 /* GoRightNowTests */ = {
			isa = PBXNativeTarget;
			buildConfigurationList = EFE7717228043629005CCE52 /* Build configuration list for PBXNativeTarget "GoRightNowTests" */;
			buildPhases = (
				1DC21C177D1C2AE11C57EFD8 /* [CP] Check Pods Manifest.lock */,
				EFE7715728043629005CCE52 /* Sources */,
				EFE7715828043629005CCE52 /* Frameworks */,
				EFE7715928043629005CCE52 /* Resources */,
			);
			buildRules = (
			);
			dependencies = (
				EFE7715D28043629005CCE52 /* PBXTargetDependency */,
			);
			name = GoRightNowTests;
			productName = GoRightNowTests;
			productReference = EFE7715B28043629005CCE52 /* GoRightNowTests.xctest */;
			productType = "com.apple.product-type.bundle.unit-test";
		};
		EFE7716428043629005CCE52 /* GoRightNowUITests */ = {
			isa = PBXNativeTarget;
			buildConfigurationList = EFE7717528043629005CCE52 /* Build configuration list for PBXNativeTarget "GoRightNowUITests" */;
			buildPhases = (
				45CEFB0FF2755F62D9193BD6 /* [CP] Check Pods Manifest.lock */,
				EFE7716128043629005CCE52 /* Sources */,
				EFE7716228043629005CCE52 /* Frameworks */,
				EFE7716328043629005CCE52 /* Resources */,
				BCC439F7062A4843C6263AE0 /* [CP] Embed Pods Frameworks */,
			);
			buildRules = (
			);
			dependencies = (
				EFE7716728043629005CCE52 /* PBXTargetDependency */,
			);
			name = GoRightNowUITests;
			productName = GoRightNowUITests;
			productReference = EFE7716528043629005CCE52 /* GoRightNowUITests.xctest */;
			productType = "com.apple.product-type.bundle.ui-testing";
		};
/* End PBXNativeTarget section */

/* Begin PBXProject section */
		EFE7713E28043628005CCE52 /* Project object */ = {
			isa = PBXProject;
			attributes = {
				BuildIndependentTargetsInParallel = 1;
				LastSwiftUpdateCheck = 1330;
				LastUpgradeCheck = 1330;
				TargetAttributes = {
					EFE7714528043628005CCE52 = {
						CreatedOnToolsVersion = 13.3;
					};
					EFE7715A28043629005CCE52 = {
						CreatedOnToolsVersion = 13.3;
						TestTargetID = EFE7714528043628005CCE52;
					};
					EFE7716428043629005CCE52 = {
						CreatedOnToolsVersion = 13.3;
						TestTargetID = EFE7714528043628005CCE52;
					};
				};
			};
			buildConfigurationList = EFE7714128043628005CCE52 /* Build configuration list for PBXProject "GoRightNow" */;
			compatibilityVersion = "Xcode 13.0";
			developmentRegion = en;
			hasScannedForEncodings = 0;
			knownRegions = (
				en,
				Base,
			);
			mainGroup = EFE7713D28043628005CCE52;
			packageReferences = (
				25914FD7282EA6AD00FD103B /* XCRemoteSwiftPackageReference "PartialSheet" */,
			);
			productRefGroup = EFE7714728043628005CCE52 /* Products */;
			projectDirPath = "";
			projectRoot = "";
			targets = (
				EFE7714528043628005CCE52 /* GoRightNow */,
				EFE7715A28043629005CCE52 /* GoRightNowTests */,
				EFE7716428043629005CCE52 /* GoRightNowUITests */,
			);
		};
/* End PBXProject section */

/* Begin PBXResourcesBuildPhase section */
		EFE7714428043628005CCE52 /* Resources */ = {
			isa = PBXResourcesBuildPhase;
			buildActionMask = 2147483647;
			files = (
				EFD03D8B2827FCEF007C88EE /* Preview Content in Resources */,
				EFE7715128043629005CCE52 /* Preview Assets.xcassets in Resources */,
				EFE7714E28043629005CCE52 /* Assets.xcassets in Resources */,
			);
			runOnlyForDeploymentPostprocessing = 0;
		};
		EFE7715928043629005CCE52 /* Resources */ = {
			isa = PBXResourcesBuildPhase;
			buildActionMask = 2147483647;
			files = (
				FE0955902827B60000834325 /* Info.plist in Resources */,
			);
			runOnlyForDeploymentPostprocessing = 0;
		};
		EFE7716328043629005CCE52 /* Resources */ = {
			isa = PBXResourcesBuildPhase;
			buildActionMask = 2147483647;
			files = (
				FE0955912827B60000834325 /* Info.plist in Resources */,
			);
			runOnlyForDeploymentPostprocessing = 0;
		};
/* End PBXResourcesBuildPhase section */

/* Begin PBXShellScriptBuildPhase section */
		1DC21C177D1C2AE11C57EFD8 /* [CP] Check Pods Manifest.lock */ = {
			isa = PBXShellScriptBuildPhase;
			buildActionMask = 2147483647;
			files = (
			);
			inputFileListPaths = (
			);
			inputPaths = (
				"${PODS_PODFILE_DIR_PATH}/Podfile.lock",
				"${PODS_ROOT}/Manifest.lock",
			);
			name = "[CP] Check Pods Manifest.lock";
			outputFileListPaths = (
			);
			outputPaths = (
				"$(DERIVED_FILE_DIR)/Pods-GoRightNowTests-checkManifestLockResult.txt",
			);
			runOnlyForDeploymentPostprocessing = 0;
			shellPath = /bin/sh;
			shellScript = "diff \"${PODS_PODFILE_DIR_PATH}/Podfile.lock\" \"${PODS_ROOT}/Manifest.lock\" > /dev/null\nif [ $? != 0 ] ; then\n    # print error to STDERR\n    echo \"error: The sandbox is not in sync with the Podfile.lock. Run 'pod install' or update your CocoaPods installation.\" >&2\n    exit 1\nfi\n# This output is used by Xcode 'outputs' to avoid re-running this script phase.\necho \"SUCCESS\" > \"${SCRIPT_OUTPUT_FILE_0}\"\n";
			showEnvVarsInLog = 0;
		};
		45CEFB0FF2755F62D9193BD6 /* [CP] Check Pods Manifest.lock */ = {
			isa = PBXShellScriptBuildPhase;
			buildActionMask = 2147483647;
			files = (
			);
			inputFileListPaths = (
			);
			inputPaths = (
				"${PODS_PODFILE_DIR_PATH}/Podfile.lock",
				"${PODS_ROOT}/Manifest.lock",
			);
			name = "[CP] Check Pods Manifest.lock";
			outputFileListPaths = (
			);
			outputPaths = (
				"$(DERIVED_FILE_DIR)/Pods-GoRightNow-GoRightNowUITests-checkManifestLockResult.txt",
			);
			runOnlyForDeploymentPostprocessing = 0;
			shellPath = /bin/sh;
			shellScript = "diff \"${PODS_PODFILE_DIR_PATH}/Podfile.lock\" \"${PODS_ROOT}/Manifest.lock\" > /dev/null\nif [ $? != 0 ] ; then\n    # print error to STDERR\n    echo \"error: The sandbox is not in sync with the Podfile.lock. Run 'pod install' or update your CocoaPods installation.\" >&2\n    exit 1\nfi\n# This output is used by Xcode 'outputs' to avoid re-running this script phase.\necho \"SUCCESS\" > \"${SCRIPT_OUTPUT_FILE_0}\"\n";
			showEnvVarsInLog = 0;
		};
		5F915A90144DF6D1A51FD9FA /* [CP] Embed Pods Frameworks */ = {
			isa = PBXShellScriptBuildPhase;
			buildActionMask = 2147483647;
			files = (
			);
			inputFileListPaths = (
				"${PODS_ROOT}/Target Support Files/Pods-GoRightNow/Pods-GoRightNow-frameworks-${CONFIGURATION}-input-files.xcfilelist",
			);
			name = "[CP] Embed Pods Frameworks";
			outputFileListPaths = (
				"${PODS_ROOT}/Target Support Files/Pods-GoRightNow/Pods-GoRightNow-frameworks-${CONFIGURATION}-output-files.xcfilelist",
			);
			runOnlyForDeploymentPostprocessing = 0;
			shellPath = /bin/sh;
			shellScript = "\"${PODS_ROOT}/Target Support Files/Pods-GoRightNow/Pods-GoRightNow-frameworks.sh\"\n";
			showEnvVarsInLog = 0;
		};
		82746A3D701EBBD1F2ED2DA7 /* [CP] Check Pods Manifest.lock */ = {
			isa = PBXShellScriptBuildPhase;
			buildActionMask = 2147483647;
			files = (
			);
			inputFileListPaths = (
			);
			inputPaths = (
				"${PODS_PODFILE_DIR_PATH}/Podfile.lock",
				"${PODS_ROOT}/Manifest.lock",
			);
			name = "[CP] Check Pods Manifest.lock";
			outputFileListPaths = (
			);
			outputPaths = (
				"$(DERIVED_FILE_DIR)/Pods-GoRightNow-checkManifestLockResult.txt",
			);
			runOnlyForDeploymentPostprocessing = 0;
			shellPath = /bin/sh;
			shellScript = "diff \"${PODS_PODFILE_DIR_PATH}/Podfile.lock\" \"${PODS_ROOT}/Manifest.lock\" > /dev/null\nif [ $? != 0 ] ; then\n    # print error to STDERR\n    echo \"error: The sandbox is not in sync with the Podfile.lock. Run 'pod install' or update your CocoaPods installation.\" >&2\n    exit 1\nfi\n# This output is used by Xcode 'outputs' to avoid re-running this script phase.\necho \"SUCCESS\" > \"${SCRIPT_OUTPUT_FILE_0}\"\n";
			showEnvVarsInLog = 0;
		};
		BCC439F7062A4843C6263AE0 /* [CP] Embed Pods Frameworks */ = {
			isa = PBXShellScriptBuildPhase;
			buildActionMask = 2147483647;
			files = (
			);
			inputFileListPaths = (
				"${PODS_ROOT}/Target Support Files/Pods-GoRightNow-GoRightNowUITests/Pods-GoRightNow-GoRightNowUITests-frameworks-${CONFIGURATION}-input-files.xcfilelist",
			);
			name = "[CP] Embed Pods Frameworks";
			outputFileListPaths = (
				"${PODS_ROOT}/Target Support Files/Pods-GoRightNow-GoRightNowUITests/Pods-GoRightNow-GoRightNowUITests-frameworks-${CONFIGURATION}-output-files.xcfilelist",
			);
			runOnlyForDeploymentPostprocessing = 0;
			shellPath = /bin/sh;
			shellScript = "\"${PODS_ROOT}/Target Support Files/Pods-GoRightNow-GoRightNowUITests/Pods-GoRightNow-GoRightNowUITests-frameworks.sh\"\n";
			showEnvVarsInLog = 0;
		};
/* End PBXShellScriptBuildPhase section */

/* Begin PBXSourcesBuildPhase section */
		EFE7714228043628005CCE52 /* Sources */ = {
			isa = PBXSourcesBuildPhase;
			buildActionMask = 2147483647;
			files = (
				EF11F21C283208D900E3761A /* ViewSelect.swift in Sources */,
				EF11F217282DF2D600E3761A /* Jamo.swift in Sources */,
				EFDAC75B280548330091C11F /* GoRightNowModel.swift in Sources */,
				EF11F21A2831FBEE00E3761A /* PlannerView.swift in Sources */,
				EFE7714C28043628005CCE52 /* GoRightNow.swift in Sources */,
				FE0955922827B60000834325 /* CallAPI.swift in Sources */,
				EFDAC75D280548410091C11F /* GoRightNowModelView.swift in Sources */,
				EF252A9A282DECB900B2A14C /* Theme.swift in Sources */,
				EF11F21E2832270000E3761A /* PlannerModelView.swift in Sources */,
				EFEEF90028223EB9008FD759 /* CountryDetailView.swift in Sources */,
				EFE7714A28043628005CCE52 /* GoRightNowApp.swift in Sources */,
				EF8116E2281F6C9D0005B178 /* CountryList.swift in Sources */,
				EF54196028044BDF00C4CAFA /* SearchBar.swift in Sources */,
				EF5419622804582000C4CAFA /* SideMenu.swift in Sources */,
				EF11F2202832270A00E3761A /* PlannerModel.swift in Sources */,
				EF682A53281D7AC800F08CF4 /* SettingView.swift in Sources */,
				7862904DEF2D9F6FF3382BF5 /* MainApp.swift in Sources */,
			);
			runOnlyForDeploymentPostprocessing = 0;
		};
		EFE7715728043629005CCE52 /* Sources */ = {
			isa = PBXSourcesBuildPhase;
			buildActionMask = 2147483647;
			files = (
				FE0955932827B60000834325 /* CallAPI.swift in Sources */,
				EFE7716028043629005CCE52 /* GoRightNowTests.swift in Sources */,
			);
			runOnlyForDeploymentPostprocessing = 0;
		};
		EFE7716128043629005CCE52 /* Sources */ = {
			isa = PBXSourcesBuildPhase;
			buildActionMask = 2147483647;
			files = (
				EFE7716C28043629005CCE52 /* GoRightNowUITestsLaunchTests.swift in Sources */,
				EFE7716A28043629005CCE52 /* GoRightNowUITests.swift in Sources */,
				FE0955942827B60000834325 /* CallAPI.swift in Sources */,
			);
			runOnlyForDeploymentPostprocessing = 0;
		};
/* End PBXSourcesBuildPhase section */

/* Begin PBXTargetDependency section */
		EFE7715D28043629005CCE52 /* PBXTargetDependency */ = {
			isa = PBXTargetDependency;
			target = EFE7714528043628005CCE52 /* GoRightNow */;
			targetProxy = EFE7715C28043629005CCE52 /* PBXContainerItemProxy */;
		};
		EFE7716728043629005CCE52 /* PBXTargetDependency */ = {
			isa = PBXTargetDependency;
			target = EFE7714528043628005CCE52 /* GoRightNow */;
			targetProxy = EFE7716628043629005CCE52 /* PBXContainerItemProxy */;
		};
/* End PBXTargetDependency section */

/* Begin XCBuildConfiguration section */
		EFE7716D28043629005CCE52 /* Debug */ = {
			isa = XCBuildConfiguration;
			buildSettings = {
				ALWAYS_SEARCH_USER_PATHS = NO;
				CLANG_ANALYZER_NONNULL = YES;
				CLANG_ANALYZER_NUMBER_OBJECT_CONVERSION = YES_AGGRESSIVE;
				CLANG_CXX_LANGUAGE_STANDARD = "gnu++17";
				CLANG_ENABLE_MODULES = YES;
				CLANG_ENABLE_OBJC_ARC = YES;
				CLANG_ENABLE_OBJC_WEAK = YES;
				CLANG_WARN_BLOCK_CAPTURE_AUTORELEASING = YES;
				CLANG_WARN_BOOL_CONVERSION = YES;
				CLANG_WARN_COMMA = YES;
				CLANG_WARN_CONSTANT_CONVERSION = YES;
				CLANG_WARN_DEPRECATED_OBJC_IMPLEMENTATIONS = YES;
				CLANG_WARN_DIRECT_OBJC_ISA_USAGE = YES_ERROR;
				CLANG_WARN_DOCUMENTATION_COMMENTS = YES;
				CLANG_WARN_EMPTY_BODY = YES;
				CLANG_WARN_ENUM_CONVERSION = YES;
				CLANG_WARN_INFINITE_RECURSION = YES;
				CLANG_WARN_INT_CONVERSION = YES;
				CLANG_WARN_NON_LITERAL_NULL_CONVERSION = YES;
				CLANG_WARN_OBJC_IMPLICIT_RETAIN_SELF = YES;
				CLANG_WARN_OBJC_LITERAL_CONVERSION = YES;
				CLANG_WARN_OBJC_ROOT_CLASS = YES_ERROR;
				CLANG_WARN_QUOTED_INCLUDE_IN_FRAMEWORK_HEADER = YES;
				CLANG_WARN_RANGE_LOOP_ANALYSIS = YES;
				CLANG_WARN_STRICT_PROTOTYPES = YES;
				CLANG_WARN_SUSPICIOUS_MOVE = YES;
				CLANG_WARN_UNGUARDED_AVAILABILITY = YES_AGGRESSIVE;
				CLANG_WARN_UNREACHABLE_CODE = YES;
				CLANG_WARN__DUPLICATE_METHOD_MATCH = YES;
				COPY_PHASE_STRIP = NO;
				DEBUG_INFORMATION_FORMAT = dwarf;
				ENABLE_STRICT_OBJC_MSGSEND = YES;
				ENABLE_TESTABILITY = YES;
				GCC_C_LANGUAGE_STANDARD = gnu11;
				GCC_DYNAMIC_NO_PIC = NO;
				GCC_NO_COMMON_BLOCKS = YES;
				GCC_OPTIMIZATION_LEVEL = 0;
				GCC_PREPROCESSOR_DEFINITIONS = (
					"DEBUG=1",
					"$(inherited)",
				);
				GCC_WARN_64_TO_32_BIT_CONVERSION = YES;
				GCC_WARN_ABOUT_RETURN_TYPE = YES_ERROR;
				GCC_WARN_UNDECLARED_SELECTOR = YES;
				GCC_WARN_UNINITIALIZED_AUTOS = YES_AGGRESSIVE;
				GCC_WARN_UNUSED_FUNCTION = YES;
				GCC_WARN_UNUSED_VARIABLE = YES;
				IPHONEOS_DEPLOYMENT_TARGET = 15.4;
				MTL_ENABLE_DEBUG_INFO = INCLUDE_SOURCE;
				MTL_FAST_MATH = YES;
				ONLY_ACTIVE_ARCH = YES;
				SDKROOT = iphoneos;
				SWIFT_ACTIVE_COMPILATION_CONDITIONS = DEBUG;
				SWIFT_OPTIMIZATION_LEVEL = "-Onone";
			};
			name = Debug;
		};
		EFE7716E28043629005CCE52 /* Release */ = {
			isa = XCBuildConfiguration;
			buildSettings = {
				ALWAYS_SEARCH_USER_PATHS = NO;
				CLANG_ANALYZER_NONNULL = YES;
				CLANG_ANALYZER_NUMBER_OBJECT_CONVERSION = YES_AGGRESSIVE;
				CLANG_CXX_LANGUAGE_STANDARD = "gnu++17";
				CLANG_ENABLE_MODULES = YES;
				CLANG_ENABLE_OBJC_ARC = YES;
				CLANG_ENABLE_OBJC_WEAK = YES;
				CLANG_WARN_BLOCK_CAPTURE_AUTORELEASING = YES;
				CLANG_WARN_BOOL_CONVERSION = YES;
				CLANG_WARN_COMMA = YES;
				CLANG_WARN_CONSTANT_CONVERSION = YES;
				CLANG_WARN_DEPRECATED_OBJC_IMPLEMENTATIONS = YES;
				CLANG_WARN_DIRECT_OBJC_ISA_USAGE = YES_ERROR;
				CLANG_WARN_DOCUMENTATION_COMMENTS = YES;
				CLANG_WARN_EMPTY_BODY = YES;
				CLANG_WARN_ENUM_CONVERSION = YES;
				CLANG_WARN_INFINITE_RECURSION = YES;
				CLANG_WARN_INT_CONVERSION = YES;
				CLANG_WARN_NON_LITERAL_NULL_CONVERSION = YES;
				CLANG_WARN_OBJC_IMPLICIT_RETAIN_SELF = YES;
				CLANG_WARN_OBJC_LITERAL_CONVERSION = YES;
				CLANG_WARN_OBJC_ROOT_CLASS = YES_ERROR;
				CLANG_WARN_QUOTED_INCLUDE_IN_FRAMEWORK_HEADER = YES;
				CLANG_WARN_RANGE_LOOP_ANALYSIS = YES;
				CLANG_WARN_STRICT_PROTOTYPES = YES;
				CLANG_WARN_SUSPICIOUS_MOVE = YES;
				CLANG_WARN_UNGUARDED_AVAILABILITY = YES_AGGRESSIVE;
				CLANG_WARN_UNREACHABLE_CODE = YES;
				CLANG_WARN__DUPLICATE_METHOD_MATCH = YES;
				COPY_PHASE_STRIP = NO;
				DEBUG_INFORMATION_FORMAT = "dwarf-with-dsym";
				ENABLE_NS_ASSERTIONS = NO;
				ENABLE_STRICT_OBJC_MSGSEND = YES;
				GCC_C_LANGUAGE_STANDARD = gnu11;
				GCC_NO_COMMON_BLOCKS = YES;
				GCC_WARN_64_TO_32_BIT_CONVERSION = YES;
				GCC_WARN_ABOUT_RETURN_TYPE = YES_ERROR;
				GCC_WARN_UNDECLARED_SELECTOR = YES;
				GCC_WARN_UNINITIALIZED_AUTOS = YES_AGGRESSIVE;
				GCC_WARN_UNUSED_FUNCTION = YES;
				GCC_WARN_UNUSED_VARIABLE = YES;
				IPHONEOS_DEPLOYMENT_TARGET = 15.4;
				MTL_ENABLE_DEBUG_INFO = NO;
				MTL_FAST_MATH = YES;
				SDKROOT = iphoneos;
				SWIFT_COMPILATION_MODE = wholemodule;
				SWIFT_OPTIMIZATION_LEVEL = "-O";
				VALIDATE_PRODUCT = YES;
			};
			name = Release;
		};
		EFE7717028043629005CCE52 /* Debug */ = {
			isa = XCBuildConfiguration;
			baseConfigurationReference = 07D54BAD4C9DDE959F9AC2A2 /* Pods-GoRightNow.debug.xcconfig */;
			buildSettings = {
				ASSETCATALOG_COMPILER_APPICON_NAME = AppIcon;
				ASSETCATALOG_COMPILER_GLOBAL_ACCENT_COLOR_NAME = AccentColor;
				CODE_SIGN_STYLE = Automatic;
				CURRENT_PROJECT_VERSION = 1;
				DEVELOPMENT_ASSET_PATHS = "\"GoRightNow/Preview Content\"";
				ENABLE_PREVIEWS = YES;
				GENERATE_INFOPLIST_FILE = YES;
				INFOPLIST_FILE = GoRightNow/Info.plist;
				INFOPLIST_KEY_UIApplicationSceneManifest_Generation = YES;
				INFOPLIST_KEY_UIApplicationSupportsIndirectInputEvents = YES;
				INFOPLIST_KEY_UILaunchScreen_Generation = YES;
				INFOPLIST_KEY_UISupportedInterfaceOrientations_iPad = "UIInterfaceOrientationPortrait UIInterfaceOrientationPortraitUpsideDown UIInterfaceOrientationLandscapeLeft UIInterfaceOrientationLandscapeRight";
				INFOPLIST_KEY_UISupportedInterfaceOrientations_iPhone = "UIInterfaceOrientationPortrait UIInterfaceOrientationLandscapeLeft UIInterfaceOrientationLandscapeRight";
				IPHONEOS_DEPLOYMENT_TARGET = 15.2;
				LD_RUNPATH_SEARCH_PATHS = (
					"$(inherited)",
					"@executable_path/Frameworks",
				);
				MARKETING_VERSION = 1.0;
				PRODUCT_BUNDLE_IDENTIFIER = com.github.gorightnow.GoRightNow;
				PRODUCT_NAME = "$(TARGET_NAME)";
				SWIFT_EMIT_LOC_STRINGS = YES;
				SWIFT_VERSION = 5.0;
				TARGETED_DEVICE_FAMILY = "1,2";
			};
			name = Debug;
		};
		EFE7717128043629005CCE52 /* Release */ = {
			isa = XCBuildConfiguration;
			baseConfigurationReference = 4AA915F01BBED547113F6785 /* Pods-GoRightNow.release.xcconfig */;
			buildSettings = {
				ASSETCATALOG_COMPILER_APPICON_NAME = AppIcon;
				ASSETCATALOG_COMPILER_GLOBAL_ACCENT_COLOR_NAME = AccentColor;
				CODE_SIGN_STYLE = Automatic;
				CURRENT_PROJECT_VERSION = 1;
				DEVELOPMENT_ASSET_PATHS = "\"GoRightNow/Preview Content\"";
				ENABLE_PREVIEWS = YES;
				GENERATE_INFOPLIST_FILE = YES;
				INFOPLIST_FILE = GoRightNow/Info.plist;
				INFOPLIST_KEY_UIApplicationSceneManifest_Generation = YES;
				INFOPLIST_KEY_UIApplicationSupportsIndirectInputEvents = YES;
				INFOPLIST_KEY_UILaunchScreen_Generation = YES;
				INFOPLIST_KEY_UISupportedInterfaceOrientations_iPad = "UIInterfaceOrientationPortrait UIInterfaceOrientationPortraitUpsideDown UIInterfaceOrientationLandscapeLeft UIInterfaceOrientationLandscapeRight";
				INFOPLIST_KEY_UISupportedInterfaceOrientations_iPhone = "UIInterfaceOrientationPortrait UIInterfaceOrientationLandscapeLeft UIInterfaceOrientationLandscapeRight";
				IPHONEOS_DEPLOYMENT_TARGET = 15.2;
				LD_RUNPATH_SEARCH_PATHS = (
					"$(inherited)",
					"@executable_path/Frameworks",
				);
				MARKETING_VERSION = 1.0;
				PRODUCT_BUNDLE_IDENTIFIER = com.github.gorightnow.GoRightNow;
				PRODUCT_NAME = "$(TARGET_NAME)";
				SWIFT_EMIT_LOC_STRINGS = YES;
				SWIFT_VERSION = 5.0;
				TARGETED_DEVICE_FAMILY = "1,2";
			};
			name = Release;
		};
		EFE7717328043629005CCE52 /* Debug */ = {
			isa = XCBuildConfiguration;
			baseConfigurationReference = EA416C8F7FBAFAE9BFF42922 /* Pods-GoRightNowTests.debug.xcconfig */;
			buildSettings = {
				ALWAYS_EMBED_SWIFT_STANDARD_LIBRARIES = YES;
				BUNDLE_LOADER = "$(TEST_HOST)";
				CODE_SIGN_STYLE = Automatic;
				CURRENT_PROJECT_VERSION = 1;
				GENERATE_INFOPLIST_FILE = YES;
				IPHONEOS_DEPLOYMENT_TARGET = 15.4;
				MARKETING_VERSION = 1.0;
				PRODUCT_BUNDLE_IDENTIFIER = com.github.gorightnow.GoRightNowTests;
				PRODUCT_NAME = "$(TARGET_NAME)";
				SWIFT_EMIT_LOC_STRINGS = NO;
				SWIFT_VERSION = 5.0;
				TARGETED_DEVICE_FAMILY = "1,2";
				TEST_HOST = "$(BUILT_PRODUCTS_DIR)/GoRightNow.app/GoRightNow";
			};
			name = Debug;
		};
		EFE7717428043629005CCE52 /* Release */ = {
			isa = XCBuildConfiguration;
			baseConfigurationReference = 32657803EBC28989B1C2549D /* Pods-GoRightNowTests.release.xcconfig */;
			buildSettings = {
				ALWAYS_EMBED_SWIFT_STANDARD_LIBRARIES = YES;
				BUNDLE_LOADER = "$(TEST_HOST)";
				CODE_SIGN_STYLE = Automatic;
				CURRENT_PROJECT_VERSION = 1;
				GENERATE_INFOPLIST_FILE = YES;
				IPHONEOS_DEPLOYMENT_TARGET = 15.4;
				MARKETING_VERSION = 1.0;
				PRODUCT_BUNDLE_IDENTIFIER = com.github.gorightnow.GoRightNowTests;
				PRODUCT_NAME = "$(TARGET_NAME)";
				SWIFT_EMIT_LOC_STRINGS = NO;
				SWIFT_VERSION = 5.0;
				TARGETED_DEVICE_FAMILY = "1,2";
				TEST_HOST = "$(BUILT_PRODUCTS_DIR)/GoRightNow.app/GoRightNow";
			};
			name = Release;
		};
		EFE7717628043629005CCE52 /* Debug */ = {
			isa = XCBuildConfiguration;
			baseConfigurationReference = B3BDDC80D9247F7DD9BF02BF /* Pods-GoRightNow-GoRightNowUITests.debug.xcconfig */;
			buildSettings = {
				ALWAYS_EMBED_SWIFT_STANDARD_LIBRARIES = YES;
				CODE_SIGN_STYLE = Automatic;
				CURRENT_PROJECT_VERSION = 1;
				GENERATE_INFOPLIST_FILE = YES;
				MARKETING_VERSION = 1.0;
				PRODUCT_BUNDLE_IDENTIFIER = com.github.gorightnow.GoRightNowUITests;
				PRODUCT_NAME = "$(TARGET_NAME)";
				SWIFT_EMIT_LOC_STRINGS = NO;
				SWIFT_VERSION = 5.0;
				TARGETED_DEVICE_FAMILY = "1,2";
				TEST_TARGET_NAME = GoRightNow;
			};
			name = Debug;
		};
		EFE7717728043629005CCE52 /* Release */ = {
			isa = XCBuildConfiguration;
			baseConfigurationReference = AB72B380C8DCE060B49416FE /* Pods-GoRightNow-GoRightNowUITests.release.xcconfig */;
			buildSettings = {
				ALWAYS_EMBED_SWIFT_STANDARD_LIBRARIES = YES;
				CODE_SIGN_STYLE = Automatic;
				CURRENT_PROJECT_VERSION = 1;
				GENERATE_INFOPLIST_FILE = YES;
				MARKETING_VERSION = 1.0;
				PRODUCT_BUNDLE_IDENTIFIER = com.github.gorightnow.GoRightNowUITests;
				PRODUCT_NAME = "$(TARGET_NAME)";
				SWIFT_EMIT_LOC_STRINGS = NO;
				SWIFT_VERSION = 5.0;
				TARGETED_DEVICE_FAMILY = "1,2";
				TEST_TARGET_NAME = GoRightNow;
			};
			name = Release;
		};
/* End XCBuildConfiguration section */

/* Begin XCConfigurationList section */
		EFE7714128043628005CCE52 /* Build configuration list for PBXProject "GoRightNow" */ = {
			isa = XCConfigurationList;
			buildConfigurations = (
				EFE7716D28043629005CCE52 /* Debug */,
				EFE7716E28043629005CCE52 /* Release */,
			);
			defaultConfigurationIsVisible = 0;
			defaultConfigurationName = Release;
		};
		EFE7716F28043629005CCE52 /* Build configuration list for PBXNativeTarget "GoRightNow" */ = {
			isa = XCConfigurationList;
			buildConfigurations = (
				EFE7717028043629005CCE52 /* Debug */,
				EFE7717128043629005CCE52 /* Release */,
			);
			defaultConfigurationIsVisible = 0;
			defaultConfigurationName = Release;
		};
		EFE7717228043629005CCE52 /* Build configuration list for PBXNativeTarget "GoRightNowTests" */ = {
			isa = XCConfigurationList;
			buildConfigurations = (
				EFE7717328043629005CCE52 /* Debug */,
				EFE7717428043629005CCE52 /* Release */,
			);
			defaultConfigurationIsVisible = 0;
			defaultConfigurationName = Release;
		};
		EFE7717528043629005CCE52 /* Build configuration list for PBXNativeTarget "GoRightNowUITests" */ = {
			isa = XCConfigurationList;
			buildConfigurations = (
				EFE7717628043629005CCE52 /* Debug */,
				EFE7717728043629005CCE52 /* Release */,
			);
			defaultConfigurationIsVisible = 0;
			defaultConfigurationName = Release;
		};
/* End XCConfigurationList section */

/* Begin XCRemoteSwiftPackageReference section */
		25914FD7282EA6AD00FD103B /* XCRemoteSwiftPackageReference "PartialSheet" */ = {
			isa = XCRemoteSwiftPackageReference;
			repositoryURL = "https://github.com/AndreaMiotto/PartialSheet.git";
			requirement = {
				kind = exactVersion;
				version = 3.1.0;
			};
		};
/* End XCRemoteSwiftPackageReference section */

/* Begin XCSwiftPackageProductDependency section */
		25914FD8282EA6AD00FD103B /* PartialSheet */ = {
			isa = XCSwiftPackageProductDependency;
			package = 25914FD7282EA6AD00FD103B /* XCRemoteSwiftPackageReference "PartialSheet" */;
			productName = PartialSheet;
		};
/* End XCSwiftPackageProductDependency section */
	};
	rootObject = EFE7713E28043628005CCE52 /* Project object */;
}
