// !$*UTF8*$!
{
	archiveVersion = 1;
	classes = {
	};
	objectVersion = 55;
	objects = {

/* Begin PBXBuildFile section */
		2F8A1A9BC9D8D01897CC02AC /* Pods_GoRightNow.framework in Frameworks */ = {isa = PBXBuildFile; fileRef = 6D32D4FAC7716C28747B87C3 /* Pods_GoRightNow.framework */; };
		34FADF01CEA83D70E2E8F392 /* Pods_GoRightNow_GoRightNowUITests.framework in Frameworks */ = {isa = PBXBuildFile; fileRef = BF41A44ADD1677A2B07A687C /* Pods_GoRightNow_GoRightNowUITests.framework */; };
		89CF7AF313C71D3335103363 /* Pods_GoRightNowTests.framework in Frameworks */ = {isa = PBXBuildFile; fileRef = CD0D70C5E0FAC3F57C7BFB39 /* Pods_GoRightNowTests.framework */; };
		EF54196028044BDF00C4CAFA /* SearchBar.swift in Sources */ = {isa = PBXBuildFile; fileRef = EF54195F28044BDF00C4CAFA /* SearchBar.swift */; };
		EF5419622804582000C4CAFA /* SideMenu.swift in Sources */ = {isa = PBXBuildFile; fileRef = EF5419612804582000C4CAFA /* SideMenu.swift */; };
		EF682A53281D7AC800F08CF4 /* SettingView.swift in Sources */ = {isa = PBXBuildFile; fileRef = EF682A52281D7AC800F08CF4 /* SettingView.swift */; };
		EF8116E2281F6C9D0005B178 /* CountryList.swift in Sources */ = {isa = PBXBuildFile; fileRef = EF8116E1281F6C9D0005B178 /* CountryList.swift */; };
		EFD03D8B2827FCEF007C88EE /* Preview Content in Resources */ = {isa = PBXBuildFile; fileRef = EFD03D822827FCEF007C88EE /* Preview Content */; };
		EFDAC75B280548330091C11F /* GoRightNowModel.swift in Sources */ = {isa = PBXBuildFile; fileRef = EFDAC75A280548330091C11F /* GoRightNowModel.swift */; };
		EFDAC75D280548410091C11F /* GoRightNowModelView.swift in Sources */ = {isa = PBXBuildFile; fileRef = EFDAC75C280548410091C11F /* GoRightNowModelView.swift */; };
		EFE7714A28043628005CCE52 /* GoRightNowApp.swift in Sources */ = {isa = PBXBuildFile; fileRef = EFE7714928043628005CCE52 /* GoRightNowApp.swift */; };
		EFE7714C28043628005CCE52 /* GoRightNow.swift in Sources */ = {isa = PBXBuildFile; fileRef = EFE7714B28043628005CCE52 /* GoRightNow.swift */; };
		EFE7714E28043629005CCE52 /* Assets.xcassets in Resources */ = {isa = PBXBuildFile; fileRef = EFE7714D28043629005CCE52 /* Assets.xcassets */; };
		EFE7715128043629005CCE52 /* Preview Assets.xcassets in Resources */ = {isa = PBXBuildFile; fileRef = EFE7715028043629005CCE52 /* Preview Assets.xcassets */; };
		EFE7716028043629005CCE52 /* GoRightNowTests.swift in Sources */ = {isa = PBXBuildFile; fileRef = EFE7715F28043629005CCE52 /* GoRightNowTests.swift */; };
		EFE7716A28043629005CCE52 /* GoRightNowUITests.swift in Sources */ = {isa = PBXBuildFile; fileRef = EFE7716928043629005CCE52 /* GoRightNowUITests.swift */; };
		EFE7716C28043629005CCE52 /* GoRightNowUITestsLaunchTests.swift in Sources */ = {isa = PBXBuildFile; fileRef = EFE7716B28043629005CCE52 /* GoRightNowUITestsLaunchTests.swift */; };
		EFEEF90028223EB9008FD759 /* CountryDetailView.swift in Sources */ = {isa = PBXBuildFile; fileRef = EFEEF8FF28223EB9008FD759 /* CountryDetailView.swift */; };
/* End PBXBuildFile section */

/* Begin PBXContainerItemProxy section */
		EFE7715C28043629005CCE52 /* PBXContainerItemProxy */ = {
			isa = PBXContainerItemProxy;
			containerPortal = EFE7713E28043628005CCE52 /* Project object */;
			proxyType = 1;
			remoteGlobalIDString = EFE7714528043628005CCE52;
			remoteInfo = GoRightNow;
		};
		EFE7716628043629005CCE52 /* PBXContainerItemProxy */ = {
			isa = PBXContainerItemProxy;
			containerPortal = EFE7713E28043628005CCE52 /* Project object */;
			proxyType = 1;
			remoteGlobalIDString = EFE7714528043628005CCE52;
			remoteInfo = GoRightNow;
		};
/* End PBXContainerItemProxy section */

/* Begin PBXFileReference section */
		40855B3162859D5B0659DAF2 /* Pods-GoRightNow.debug.xcconfig */ = {isa = PBXFileReference; includeInIndex = 1; lastKnownFileType = text.xcconfig; name = "Pods-GoRightNow.debug.xcconfig"; path = "Target Support Files/Pods-GoRightNow/Pods-GoRightNow.debug.xcconfig"; sourceTree = "<group>"; };
		4541B534DF29BABA141DCACC /* Pods-GoRightNow-GoRightNowUITests.release.xcconfig */ = {isa = PBXFileReference; includeInIndex = 1; lastKnownFileType = text.xcconfig; name = "Pods-GoRightNow-GoRightNowUITests.release.xcconfig"; path = "Target Support Files/Pods-GoRightNow-GoRightNowUITests/Pods-GoRightNow-GoRightNowUITests.release.xcconfig"; sourceTree = "<group>"; };
		5E14BCE3B9DE8FBBB56A1E65 /* Pods-GoRightNowTests.debug.xcconfig */ = {isa = PBXFileReference; includeInIndex = 1; lastKnownFileType = text.xcconfig; name = "Pods-GoRightNowTests.debug.xcconfig"; path = "Target Support Files/Pods-GoRightNowTests/Pods-GoRightNowTests.debug.xcconfig"; sourceTree = "<group>"; };
		6D32D4FAC7716C28747B87C3 /* Pods_GoRightNow.framework */ = {isa = PBXFileReference; explicitFileType = wrapper.framework; includeInIndex = 0; path = Pods_GoRightNow.framework; sourceTree = BUILT_PRODUCTS_DIR; };
		908F263D1FDB404187A262DC /* Pods-GoRightNow.release.xcconfig */ = {isa = PBXFileReference; includeInIndex = 1; lastKnownFileType = text.xcconfig; name = "Pods-GoRightNow.release.xcconfig"; path = "Target Support Files/Pods-GoRightNow/Pods-GoRightNow.release.xcconfig"; sourceTree = "<group>"; };
		B8E4A3A56B90679667451FA9 /* Pods-GoRightNowTests.release.xcconfig */ = {isa = PBXFileReference; includeInIndex = 1; lastKnownFileType = text.xcconfig; name = "Pods-GoRightNowTests.release.xcconfig"; path = "Target Support Files/Pods-GoRightNowTests/Pods-GoRightNowTests.release.xcconfig"; sourceTree = "<group>"; };
		BF41A44ADD1677A2B07A687C /* Pods_GoRightNow_GoRightNowUITests.framework */ = {isa = PBXFileReference; explicitFileType = wrapper.framework; includeInIndex = 0; path = Pods_GoRightNow_GoRightNowUITests.framework; sourceTree = BUILT_PRODUCTS_DIR; };
		CD0D70C5E0FAC3F57C7BFB39 /* Pods_GoRightNowTests.framework */ = {isa = PBXFileReference; explicitFileType = wrapper.framework; includeInIndex = 0; path = Pods_GoRightNowTests.framework; sourceTree = BUILT_PRODUCTS_DIR; };
		EF53D18484663BC508CCD9A8 /* Pods-GoRightNow-GoRightNowUITests.debug.xcconfig */ = {isa = PBXFileReference; includeInIndex = 1; lastKnownFileType = text.xcconfig; name = "Pods-GoRightNow-GoRightNowUITests.debug.xcconfig"; path = "Target Support Files/Pods-GoRightNow-GoRightNowUITests/Pods-GoRightNow-GoRightNowUITests.debug.xcconfig"; sourceTree = "<group>"; };
		EF54195F28044BDF00C4CAFA /* SearchBar.swift */ = {isa = PBXFileReference; lastKnownFileType = sourcecode.swift; path = SearchBar.swift; sourceTree = "<group>"; };
		EF5419612804582000C4CAFA /* SideMenu.swift */ = {isa = PBXFileReference; lastKnownFileType = sourcecode.swift; path = SideMenu.swift; sourceTree = "<group>"; };
		EF682A52281D7AC800F08CF4 /* SettingView.swift */ = {isa = PBXFileReference; lastKnownFileType = sourcecode.swift; path = SettingView.swift; sourceTree = "<group>"; };
		EF8116E1281F6C9D0005B178 /* CountryList.swift */ = {isa = PBXFileReference; lastKnownFileType = sourcecode.swift; path = CountryList.swift; sourceTree = "<group>"; };
		EFD03D822827FCEF007C88EE /* Preview Content */ = {isa = PBXFileReference; lastKnownFileType = folder; path = "Preview Content"; sourceTree = "<group>"; };
		EFDAC75A280548330091C11F /* GoRightNowModel.swift */ = {isa = PBXFileReference; lastKnownFileType = sourcecode.swift; path = GoRightNowModel.swift; sourceTree = "<group>"; };
		EFDAC75C280548410091C11F /* GoRightNowModelView.swift */ = {isa = PBXFileReference; lastKnownFileType = sourcecode.swift; path = GoRightNowModelView.swift; sourceTree = "<group>"; };
		EFE7714628043628005CCE52 /* GoRightNow.app */ = {isa = PBXFileReference; explicitFileType = wrapper.application; includeInIndex = 0; path = GoRightNow.app; sourceTree = BUILT_PRODUCTS_DIR; };
		EFE7714928043628005CCE52 /* GoRightNowApp.swift */ = {isa = PBXFileReference; lastKnownFileType = sourcecode.swift; path = GoRightNowApp.swift; sourceTree = "<group>"; };
		EFE7714B28043628005CCE52 /* GoRightNow.swift */ = {isa = PBXFileReference; lastKnownFileType = sourcecode.swift; path = GoRightNow.swift; sourceTree = "<group>"; };
		EFE7714D28043629005CCE52 /* Assets.xcassets */ = {isa = PBXFileReference; lastKnownFileType = folder.assetcatalog; path = Assets.xcassets; sourceTree = "<group>"; };
		EFE7715028043629005CCE52 /* Preview Assets.xcassets */ = {isa = PBXFileReference; lastKnownFileType = folder.assetcatalog; path = "Preview Assets.xcassets"; sourceTree = "<group>"; };
		EFE7715B28043629005CCE52 /* GoRightNowTests.xctest */ = {isa = PBXFileReference; explicitFileType = wrapper.cfbundle; includeInIndex = 0; path = GoRightNowTests.xctest; sourceTree = BUILT_PRODUCTS_DIR; };
		EFE7715F28043629005CCE52 /* GoRightNowTests.swift */ = {isa = PBXFileReference; lastKnownFileType = sourcecode.swift; path = GoRightNowTests.swift; sourceTree = "<group>"; };
		EFE7716528043629005CCE52 /* GoRightNowUITests.xctest */ = {isa = PBXFileReference; explicitFileType = wrapper.cfbundle; includeInIndex = 0; path = GoRightNowUITests.xctest; sourceTree = BUILT_PRODUCTS_DIR; };
		EFE7716928043629005CCE52 /* GoRightNowUITests.swift */ = {isa = PBXFileReference; lastKnownFileType = sourcecode.swift; path = GoRightNowUITests.swift; sourceTree = "<group>"; };
		EFE7716B28043629005CCE52 /* GoRightNowUITestsLaunchTests.swift */ = {isa = PBXFileReference; lastKnownFileType = sourcecode.swift; path = GoRightNowUITestsLaunchTests.swift; sourceTree = "<group>"; };
		EFEEF8FF28223EB9008FD759 /* CountryDetailView.swift */ = {isa = PBXFileReference; lastKnownFileType = sourcecode.swift; path = CountryDetailView.swift; sourceTree = "<group>"; };
/* End PBXFileReference section */

/* Begin PBXFrameworksBuildPhase section */
		EFE7714328043628005CCE52 /* Frameworks */ = {
			isa = PBXFrameworksBuildPhase;
			buildActionMask = 2147483647;
			files = (
				2F8A1A9BC9D8D01897CC02AC /* Pods_GoRightNow.framework in Frameworks */,
			);
			runOnlyForDeploymentPostprocessing = 0;
		};
		EFE7715828043629005CCE52 /* Frameworks */ = {
			isa = PBXFrameworksBuildPhase;
			buildActionMask = 2147483647;
			files = (
				89CF7AF313C71D3335103363 /* Pods_GoRightNowTests.framework in Frameworks */,
			);
			runOnlyForDeploymentPostprocessing = 0;
		};
		EFE7716228043629005CCE52 /* Frameworks */ = {
			isa = PBXFrameworksBuildPhase;
			buildActionMask = 2147483647;
			files = (
				34FADF01CEA83D70E2E8F392 /* Pods_GoRightNow_GoRightNowUITests.framework in Frameworks */,
			);
			runOnlyForDeploymentPostprocessing = 0;
		};
/* End PBXFrameworksBuildPhase section */

/* Begin PBXGroup section */
		31BEAB8B2709E0DD8512043F /* Pods */ = {
			isa = PBXGroup;
			children = (
				40855B3162859D5B0659DAF2 /* Pods-GoRightNow.debug.xcconfig */,
				908F263D1FDB404187A262DC /* Pods-GoRightNow.release.xcconfig */,
				EF53D18484663BC508CCD9A8 /* Pods-GoRightNow-GoRightNowUITests.debug.xcconfig */,
				4541B534DF29BABA141DCACC /* Pods-GoRightNow-GoRightNowUITests.release.xcconfig */,
				5E14BCE3B9DE8FBBB56A1E65 /* Pods-GoRightNowTests.debug.xcconfig */,
				B8E4A3A56B90679667451FA9 /* Pods-GoRightNowTests.release.xcconfig */,
			);
			path = Pods;
			sourceTree = "<group>";
		};
		DB1C81704F9652E696B2FA53 /* Frameworks */ = {
			isa = PBXGroup;
			children = (
				6D32D4FAC7716C28747B87C3 /* Pods_GoRightNow.framework */,
				BF41A44ADD1677A2B07A687C /* Pods_GoRightNow_GoRightNowUITests.framework */,
				CD0D70C5E0FAC3F57C7BFB39 /* Pods_GoRightNowTests.framework */,
			);
			name = Frameworks;
			sourceTree = "<group>";
		};
		EFE7713D28043628005CCE52 = {
			isa = PBXGroup;
			children = (
				EFE7714828043628005CCE52 /* GoRightNow */,
				EFE7715E28043629005CCE52 /* GoRightNowTests */,
				EFE7716828043629005CCE52 /* GoRightNowUITests */,
				EFE7714728043628005CCE52 /* Products */,
				31BEAB8B2709E0DD8512043F /* Pods */,
				DB1C81704F9652E696B2FA53 /* Frameworks */,
			);
			sourceTree = "<group>";
		};
		EFE7714728043628005CCE52 /* Products */ = {
			isa = PBXGroup;
			children = (
				EFE7714628043628005CCE52 /* GoRightNow.app */,
				EFE7715B28043629005CCE52 /* GoRightNowTests.xctest */,
				EFE7716528043629005CCE52 /* GoRightNowUITests.xctest */,
			);
			name = Products;
			sourceTree = "<group>";
		};
		EFE7714828043628005CCE52 /* GoRightNow */ = {
			isa = PBXGroup;
			children = (
				EFD03D822827FCEF007C88EE /* Preview Content */,
				EF682A52281D7AC800F08CF4 /* SettingView.swift */,
				EFEEF8FF28223EB9008FD759 /* CountryDetailView.swift */,
				EFE7714928043628005CCE52 /* GoRightNowApp.swift */,
				EFE7714B28043628005CCE52 /* GoRightNow.swift */,
				EFDAC75A280548330091C11F /* GoRightNowModel.swift */,
				EFDAC75C280548410091C11F /* GoRightNowModelView.swift */,
				EF54195F28044BDF00C4CAFA /* SearchBar.swift */,
				EF8116E1281F6C9D0005B178 /* CountryList.swift */,
				EF5419612804582000C4CAFA /* SideMenu.swift */,
				EFE7714D28043629005CCE52 /* Assets.xcassets */,
				EFE7714F28043629005CCE52 /* Preview Content */,
			);
			path = GoRightNow;
			sourceTree = "<group>";
		};
		EFE7714F28043629005CCE52 /* Preview Content */ = {
			isa = PBXGroup;
			children = (
				EFE7715028043629005CCE52 /* Preview Assets.xcassets */,
			);
			path = "Preview Content";
			sourceTree = "<group>";
		};
		EFE7715E28043629005CCE52 /* GoRightNowTests */ = {
			isa = PBXGroup;
			children = (
				EFE7715F28043629005CCE52 /* GoRightNowTests.swift */,
			);
			path = GoRightNowTests;
			sourceTree = "<group>";
		};
		EFE7716828043629005CCE52 /* GoRightNowUITests */ = {
			isa = PBXGroup;
			children = (
				EFE7716928043629005CCE52 /* GoRightNowUITests.swift */,
				EFE7716B28043629005CCE52 /* GoRightNowUITestsLaunchTests.swift */,
			);
			path = GoRightNowUITests;
			sourceTree = "<group>";
		};
/* End PBXGroup section */

/* Begin PBXNativeTarget section */
		EFE7714528043628005CCE52 /* GoRightNow */ = {
			isa = PBXNativeTarget;
			buildConfigurationList = EFE7716F28043629005CCE52 /* Build configuration list for PBXNativeTarget "GoRightNow" */;
			buildPhases = (
				B5ADD9D5A9F075F2528DB963 /* [CP] Check Pods Manifest.lock */,
				EFE7714228043628005CCE52 /* Sources */,
				EFE7714328043628005CCE52 /* Frameworks */,
				EFE7714428043628005CCE52 /* Resources */,
				38A4FFC70A726ED9318FE494 /* [CP] Embed Pods Frameworks */,
			);
			buildRules = (
			);
			dependencies = (
			);
			name = GoRightNow;
			productName = GoRightNow;
			productReference = EFE7714628043628005CCE52 /* GoRightNow.app */;
			productType = "com.apple.product-type.application";
		};
		EFE7715A28043629005CCE52 /* GoRightNowTests */ = {
			isa = PBXNativeTarget;
			buildConfigurationList = EFE7717228043629005CCE52 /* Build configuration list for PBXNativeTarget "GoRightNowTests" */;
			buildPhases = (
				DE59AC5E092065E8A6BA629B /* [CP] Check Pods Manifest.lock */,
				EFE7715728043629005CCE52 /* Sources */,
				EFE7715828043629005CCE52 /* Frameworks */,
				EFE7715928043629005CCE52 /* Resources */,
			);
			buildRules = (
			);
			dependencies = (
				EFE7715D28043629005CCE52 /* PBXTargetDependency */,
			);
			name = GoRightNowTests;
			productName = GoRightNowTests;
			productReference = EFE7715B28043629005CCE52 /* GoRightNowTests.xctest */;
			productType = "com.apple.product-type.bundle.unit-test";
		};
		EFE7716428043629005CCE52 /* GoRightNowUITests */ = {
			isa = PBXNativeTarget;
			buildConfigurationList = EFE7717528043629005CCE52 /* Build configuration list for PBXNativeTarget "GoRightNowUITests" */;
			buildPhases = (
				CE3FA2E1F6C6F14616B629BD /* [CP] Check Pods Manifest.lock */,
				EFE7716128043629005CCE52 /* Sources */,
				EFE7716228043629005CCE52 /* Frameworks */,
				EFE7716328043629005CCE52 /* Resources */,
				E28215527D9D9651CED80EC2 /* [CP] Embed Pods Frameworks */,
			);
			buildRules = (
			);
			dependencies = (
				EFE7716728043629005CCE52 /* PBXTargetDependency */,
			);
			name = GoRightNowUITests;
			productName = GoRightNowUITests;
			productReference = EFE7716528043629005CCE52 /* GoRightNowUITests.xctest */;
			productType = "com.apple.product-type.bundle.ui-testing";
		};
/* End PBXNativeTarget section */

/* Begin PBXProject section */
		EFE7713E28043628005CCE52 /* Project object */ = {
			isa = PBXProject;
			attributes = {
				BuildIndependentTargetsInParallel = 1;
				LastSwiftUpdateCheck = 1330;
				LastUpgradeCheck = 1330;
				TargetAttributes = {
					EFE7714528043628005CCE52 = {
						CreatedOnToolsVersion = 13.3;
					};
					EFE7715A28043629005CCE52 = {
						CreatedOnToolsVersion = 13.3;
						TestTargetID = EFE7714528043628005CCE52;
					};
					EFE7716428043629005CCE52 = {
						CreatedOnToolsVersion = 13.3;
						TestTargetID = EFE7714528043628005CCE52;
					};
				};
			};
			buildConfigurationList = EFE7714128043628005CCE52 /* Build configuration list for PBXProject "GoRightNow" */;
			compatibilityVersion = "Xcode 13.0";
			developmentRegion = en;
			hasScannedForEncodings = 0;
			knownRegions = (
				en,
				Base,
			);
			mainGroup = EFE7713D28043628005CCE52;
			productRefGroup = EFE7714728043628005CCE52 /* Products */;
			projectDirPath = "";
			projectRoot = "";
			targets = (
				EFE7714528043628005CCE52 /* GoRightNow */,
				EFE7715A28043629005CCE52 /* GoRightNowTests */,
				EFE7716428043629005CCE52 /* GoRightNowUITests */,
			);
		};
/* End PBXProject section */

/* Begin PBXResourcesBuildPhase section */
		EFE7714428043628005CCE52 /* Resources */ = {
			isa = PBXResourcesBuildPhase;
			buildActionMask = 2147483647;
			files = (
				EFD03D8B2827FCEF007C88EE /* Preview Content in Resources */,
				EFE7715128043629005CCE52 /* Preview Assets.xcassets in Resources */,
				EFE7714E28043629005CCE52 /* Assets.xcassets in Resources */,
			);
			runOnlyForDeploymentPostprocessing = 0;
		};
		EFE7715928043629005CCE52 /* Resources */ = {
			isa = PBXResourcesBuildPhase;
			buildActionMask = 2147483647;
			files = (
			);
			runOnlyForDeploymentPostprocessing = 0;
		};
		EFE7716328043629005CCE52 /* Resources */ = {
			isa = PBXResourcesBuildPhase;
			buildActionMask = 2147483647;
			files = (
			);
			runOnlyForDeploymentPostprocessing = 0;
		};
/* End PBXResourcesBuildPhase section */

/* Begin PBXShellScriptBuildPhase section */
		38A4FFC70A726ED9318FE494 /* [CP] Embed Pods Frameworks */ = {
			isa = PBXShellScriptBuildPhase;
			buildActionMask = 2147483647;
			files = (
			);
			inputFileListPaths = (
				"${PODS_ROOT}/Target Support Files/Pods-GoRightNow/Pods-GoRightNow-frameworks-${CONFIGURATION}-input-files.xcfilelist",
			);
			name = "[CP] Embed Pods Frameworks";
			outputFileListPaths = (
				"${PODS_ROOT}/Target Support Files/Pods-GoRightNow/Pods-GoRightNow-frameworks-${CONFIGURATION}-output-files.xcfilelist",
			);
			runOnlyForDeploymentPostprocessing = 0;
			shellPath = /bin/sh;
			shellScript = "\"${PODS_ROOT}/Target Support Files/Pods-GoRightNow/Pods-GoRightNow-frameworks.sh\"\n";
			showEnvVarsInLog = 0;
		};
		B5ADD9D5A9F075F2528DB963 /* [CP] Check Pods Manifest.lock */ = {
			isa = PBXShellScriptBuildPhase;
			buildActionMask = 2147483647;
			files = (
			);
			inputFileListPaths = (
			);
			inputPaths = (
				"${PODS_PODFILE_DIR_PATH}/Podfile.lock",
				"${PODS_ROOT}/Manifest.lock",
			);
			name = "[CP] Check Pods Manifest.lock";
			outputFileListPaths = (
			);
			outputPaths = (
				"$(DERIVED_FILE_DIR)/Pods-GoRightNow-checkManifestLockResult.txt",
			);
			runOnlyForDeploymentPostprocessing = 0;
			shellPath = /bin/sh;
			shellScript = "diff \"${PODS_PODFILE_DIR_PATH}/Podfile.lock\" \"${PODS_ROOT}/Manifest.lock\" > /dev/null\nif [ $? != 0 ] ; then\n    # print error to STDERR\n    echo \"error: The sandbox is not in sync with the Podfile.lock. Run 'pod install' or update your CocoaPods installation.\" >&2\n    exit 1\nfi\n# This output is used by Xcode 'outputs' to avoid re-running this script phase.\necho \"SUCCESS\" > \"${SCRIPT_OUTPUT_FILE_0}\"\n";
			showEnvVarsInLog = 0;
		};
		CE3FA2E1F6C6F14616B629BD /* [CP] Check Pods Manifest.lock */ = {
			isa = PBXShellScriptBuildPhase;
			buildActionMask = 2147483647;
			files = (
			);
			inputFileListPaths = (
			);
			inputPaths = (
				"${PODS_PODFILE_DIR_PATH}/Podfile.lock",
				"${PODS_ROOT}/Manifest.lock",
			);
			name = "[CP] Check Pods Manifest.lock";
			outputFileListPaths = (
			);
			outputPaths = (
				"$(DERIVED_FILE_DIR)/Pods-GoRightNow-GoRightNowUITests-checkManifestLockResult.txt",
			);
			runOnlyForDeploymentPostprocessing = 0;
			shellPath = /bin/sh;
			shellScript = "diff \"${PODS_PODFILE_DIR_PATH}/Podfile.lock\" \"${PODS_ROOT}/Manifest.lock\" > /dev/null\nif [ $? != 0 ] ; then\n    # print error to STDERR\n    echo \"error: The sandbox is not in sync with the Podfile.lock. Run 'pod install' or update your CocoaPods installation.\" >&2\n    exit 1\nfi\n# This output is used by Xcode 'outputs' to avoid re-running this script phase.\necho \"SUCCESS\" > \"${SCRIPT_OUTPUT_FILE_0}\"\n";
			showEnvVarsInLog = 0;
		};
		DE59AC5E092065E8A6BA629B /* [CP] Check Pods Manifest.lock */ = {
			isa = PBXShellScriptBuildPhase;
			buildActionMask = 2147483647;
			files = (
			);
			inputFileListPaths = (
			);
			inputPaths = (
				"${PODS_PODFILE_DIR_PATH}/Podfile.lock",
				"${PODS_ROOT}/Manifest.lock",
			);
			name = "[CP] Check Pods Manifest.lock";
			outputFileListPaths = (
			);
			outputPaths = (
				"$(DERIVED_FILE_DIR)/Pods-GoRightNowTests-checkManifestLockResult.txt",
			);
			runOnlyForDeploymentPostprocessing = 0;
			shellPath = /bin/sh;
			shellScript = "diff \"${PODS_PODFILE_DIR_PATH}/Podfile.lock\" \"${PODS_ROOT}/Manifest.lock\" > /dev/null\nif [ $? != 0 ] ; then\n    # print error to STDERR\n    echo \"error: The sandbox is not in sync with the Podfile.lock. Run 'pod install' or update your CocoaPods installation.\" >&2\n    exit 1\nfi\n# This output is used by Xcode 'outputs' to avoid re-running this script phase.\necho \"SUCCESS\" > \"${SCRIPT_OUTPUT_FILE_0}\"\n";
			showEnvVarsInLog = 0;
		};
		E28215527D9D9651CED80EC2 /* [CP] Embed Pods Frameworks */ = {
			isa = PBXShellScriptBuildPhase;
			buildActionMask = 2147483647;
			files = (
			);
			inputFileListPaths = (
				"${PODS_ROOT}/Target Support Files/Pods-GoRightNow-GoRightNowUITests/Pods-GoRightNow-GoRightNowUITests-frameworks-${CONFIGURATION}-input-files.xcfilelist",
			);
			name = "[CP] Embed Pods Frameworks";
			outputFileListPaths = (
				"${PODS_ROOT}/Target Support Files/Pods-GoRightNow-GoRightNowUITests/Pods-GoRightNow-GoRightNowUITests-frameworks-${CONFIGURATION}-output-files.xcfilelist",
			);
			runOnlyForDeploymentPostprocessing = 0;
			shellPath = /bin/sh;
			shellScript = "\"${PODS_ROOT}/Target Support Files/Pods-GoRightNow-GoRightNowUITests/Pods-GoRightNow-GoRightNowUITests-frameworks.sh\"\n";
			showEnvVarsInLog = 0;
		};
/* End PBXShellScriptBuildPhase section */

/* Begin PBXSourcesBuildPhase section */
		EFE7714228043628005CCE52 /* Sources */ = {
			isa = PBXSourcesBuildPhase;
			buildActionMask = 2147483647;
			files = (
				EFDAC75B280548330091C11F /* GoRightNowModel.swift in Sources */,
				EFE7714C28043628005CCE52 /* GoRightNow.swift in Sources */,
				EFDAC75D280548410091C11F /* GoRightNowModelView.swift in Sources */,
				EFEEF90028223EB9008FD759 /* CountryDetailView.swift in Sources */,
				EFE7714A28043628005CCE52 /* GoRightNowApp.swift in Sources */,
				EF8116E2281F6C9D0005B178 /* CountryList.swift in Sources */,
				EF54196028044BDF00C4CAFA /* SearchBar.swift in Sources */,
				EF5419622804582000C4CAFA /* SideMenu.swift in Sources */,
				EF682A53281D7AC800F08CF4 /* SettingView.swift in Sources */,
			);
			runOnlyForDeploymentPostprocessing = 0;
		};
		EFE7715728043629005CCE52 /* Sources */ = {
			isa = PBXSourcesBuildPhase;
			buildActionMask = 2147483647;
			files = (
				EFE7716028043629005CCE52 /* GoRightNowTests.swift in Sources */,
			);
			runOnlyForDeploymentPostprocessing = 0;
		};
		EFE7716128043629005CCE52 /* Sources */ = {
			isa = PBXSourcesBuildPhase;
			buildActionMask = 2147483647;
			files = (
				EFE7716C28043629005CCE52 /* GoRightNowUITestsLaunchTests.swift in Sources */,
				EFE7716A28043629005CCE52 /* GoRightNowUITests.swift in Sources */,
			);
			runOnlyForDeploymentPostprocessing = 0;
		};
/* End PBXSourcesBuildPhase section */

/* Begin PBXTargetDependency section */
		EFE7715D28043629005CCE52 /* PBXTargetDependency */ = {
			isa = PBXTargetDependency;
			target = EFE7714528043628005CCE52 /* GoRightNow */;
			targetProxy = EFE7715C28043629005CCE52 /* PBXContainerItemProxy */;
		};
		EFE7716728043629005CCE52 /* PBXTargetDependency */ = {
			isa = PBXTargetDependency;
			target = EFE7714528043628005CCE52 /* GoRightNow */;
			targetProxy = EFE7716628043629005CCE52 /* PBXContainerItemProxy */;
		};
/* End PBXTargetDependency section */

/* Begin XCBuildConfiguration section */
		EFE7716D28043629005CCE52 /* Debug */ = {
			isa = XCBuildConfiguration;
			buildSettings = {
				ALWAYS_SEARCH_USER_PATHS = NO;
				CLANG_ANALYZER_NONNULL = YES;
				CLANG_ANALYZER_NUMBER_OBJECT_CONVERSION = YES_AGGRESSIVE;
				CLANG_CXX_LANGUAGE_STANDARD = "gnu++17";
				CLANG_ENABLE_MODULES = YES;
				CLANG_ENABLE_OBJC_ARC = YES;
				CLANG_ENABLE_OBJC_WEAK = YES;
				CLANG_WARN_BLOCK_CAPTURE_AUTORELEASING = YES;
				CLANG_WARN_BOOL_CONVERSION = YES;
				CLANG_WARN_COMMA = YES;
				CLANG_WARN_CONSTANT_CONVERSION = YES;
				CLANG_WARN_DEPRECATED_OBJC_IMPLEMENTATIONS = YES;
				CLANG_WARN_DIRECT_OBJC_ISA_USAGE = YES_ERROR;
				CLANG_WARN_DOCUMENTATION_COMMENTS = YES;
				CLANG_WARN_EMPTY_BODY = YES;
				CLANG_WARN_ENUM_CONVERSION = YES;
				CLANG_WARN_INFINITE_RECURSION = YES;
				CLANG_WARN_INT_CONVERSION = YES;
				CLANG_WARN_NON_LITERAL_NULL_CONVERSION = YES;
				CLANG_WARN_OBJC_IMPLICIT_RETAIN_SELF = YES;
				CLANG_WARN_OBJC_LITERAL_CONVERSION = YES;
				CLANG_WARN_OBJC_ROOT_CLASS = YES_ERROR;
				CLANG_WARN_QUOTED_INCLUDE_IN_FRAMEWORK_HEADER = YES;
				CLANG_WARN_RANGE_LOOP_ANALYSIS = YES;
				CLANG_WARN_STRICT_PROTOTYPES = YES;
				CLANG_WARN_SUSPICIOUS_MOVE = YES;
				CLANG_WARN_UNGUARDED_AVAILABILITY = YES_AGGRESSIVE;
				CLANG_WARN_UNREACHABLE_CODE = YES;
				CLANG_WARN__DUPLICATE_METHOD_MATCH = YES;
				COPY_PHASE_STRIP = NO;
				DEBUG_INFORMATION_FORMAT = dwarf;
				ENABLE_STRICT_OBJC_MSGSEND = YES;
				ENABLE_TESTABILITY = YES;
				GCC_C_LANGUAGE_STANDARD = gnu11;
				GCC_DYNAMIC_NO_PIC = NO;
				GCC_NO_COMMON_BLOCKS = YES;
				GCC_OPTIMIZATION_LEVEL = 0;
				GCC_PREPROCESSOR_DEFINITIONS = (
					"DEBUG=1",
					"$(inherited)",
				);
				GCC_WARN_64_TO_32_BIT_CONVERSION = YES;
				GCC_WARN_ABOUT_RETURN_TYPE = YES_ERROR;
				GCC_WARN_UNDECLARED_SELECTOR = YES;
				GCC_WARN_UNINITIALIZED_AUTOS = YES_AGGRESSIVE;
				GCC_WARN_UNUSED_FUNCTION = YES;
				GCC_WARN_UNUSED_VARIABLE = YES;
				IPHONEOS_DEPLOYMENT_TARGET = 15.4;
				MTL_ENABLE_DEBUG_INFO = INCLUDE_SOURCE;
				MTL_FAST_MATH = YES;
				ONLY_ACTIVE_ARCH = YES;
				SDKROOT = iphoneos;
				SWIFT_ACTIVE_COMPILATION_CONDITIONS = DEBUG;
				SWIFT_OPTIMIZATION_LEVEL = "-Onone";
			};
			name = Debug;
		};
		EFE7716E28043629005CCE52 /* Release */ = {
			isa = XCBuildConfiguration;
			buildSettings = {
				ALWAYS_SEARCH_USER_PATHS = NO;
				CLANG_ANALYZER_NONNULL = YES;
				CLANG_ANALYZER_NUMBER_OBJECT_CONVERSION = YES_AGGRESSIVE;
				CLANG_CXX_LANGUAGE_STANDARD = "gnu++17";
				CLANG_ENABLE_MODULES = YES;
				CLANG_ENABLE_OBJC_ARC = YES;
				CLANG_ENABLE_OBJC_WEAK = YES;
				CLANG_WARN_BLOCK_CAPTURE_AUTORELEASING = YES;
				CLANG_WARN_BOOL_CONVERSION = YES;
				CLANG_WARN_COMMA = YES;
				CLANG_WARN_CONSTANT_CONVERSION = YES;
				CLANG_WARN_DEPRECATED_OBJC_IMPLEMENTATIONS = YES;
				CLANG_WARN_DIRECT_OBJC_ISA_USAGE = YES_ERROR;
				CLANG_WARN_DOCUMENTATION_COMMENTS = YES;
				CLANG_WARN_EMPTY_BODY = YES;
				CLANG_WARN_ENUM_CONVERSION = YES;
				CLANG_WARN_INFINITE_RECURSION = YES;
				CLANG_WARN_INT_CONVERSION = YES;
				CLANG_WARN_NON_LITERAL_NULL_CONVERSION = YES;
				CLANG_WARN_OBJC_IMPLICIT_RETAIN_SELF = YES;
				CLANG_WARN_OBJC_LITERAL_CONVERSION = YES;
				CLANG_WARN_OBJC_ROOT_CLASS = YES_ERROR;
				CLANG_WARN_QUOTED_INCLUDE_IN_FRAMEWORK_HEADER = YES;
				CLANG_WARN_RANGE_LOOP_ANALYSIS = YES;
				CLANG_WARN_STRICT_PROTOTYPES = YES;
				CLANG_WARN_SUSPICIOUS_MOVE = YES;
				CLANG_WARN_UNGUARDED_AVAILABILITY = YES_AGGRESSIVE;
				CLANG_WARN_UNREACHABLE_CODE = YES;
				CLANG_WARN__DUPLICATE_METHOD_MATCH = YES;
				COPY_PHASE_STRIP = NO;
				DEBUG_INFORMATION_FORMAT = "dwarf-with-dsym";
				ENABLE_NS_ASSERTIONS = NO;
				ENABLE_STRICT_OBJC_MSGSEND = YES;
				GCC_C_LANGUAGE_STANDARD = gnu11;
				GCC_NO_COMMON_BLOCKS = YES;
				GCC_WARN_64_TO_32_BIT_CONVERSION = YES;
				GCC_WARN_ABOUT_RETURN_TYPE = YES_ERROR;
				GCC_WARN_UNDECLARED_SELECTOR = YES;
				GCC_WARN_UNINITIALIZED_AUTOS = YES_AGGRESSIVE;
				GCC_WARN_UNUSED_FUNCTION = YES;
				GCC_WARN_UNUSED_VARIABLE = YES;
				IPHONEOS_DEPLOYMENT_TARGET = 15.4;
				MTL_ENABLE_DEBUG_INFO = NO;
				MTL_FAST_MATH = YES;
				SDKROOT = iphoneos;
				SWIFT_COMPILATION_MODE = wholemodule;
				SWIFT_OPTIMIZATION_LEVEL = "-O";
				VALIDATE_PRODUCT = YES;
			};
			name = Release;
		};
		EFE7717028043629005CCE52 /* Debug */ = {
			isa = XCBuildConfiguration;
			baseConfigurationReference = 40855B3162859D5B0659DAF2 /* Pods-GoRightNow.debug.xcconfig */;
			buildSettings = {
				ASSETCATALOG_COMPILER_APPICON_NAME = AppIcon;
				ASSETCATALOG_COMPILER_GLOBAL_ACCENT_COLOR_NAME = AccentColor;
				CODE_SIGN_STYLE = Automatic;
				CURRENT_PROJECT_VERSION = 1;
				DEVELOPMENT_ASSET_PATHS = "\"GoRightNow/Preview Content\"";
				ENABLE_PREVIEWS = YES;
				GENERATE_INFOPLIST_FILE = YES;
				INFOPLIST_KEY_UIApplicationSceneManifest_Generation = YES;
				INFOPLIST_KEY_UIApplicationSupportsIndirectInputEvents = YES;
				INFOPLIST_KEY_UILaunchScreen_Generation = YES;
				INFOPLIST_KEY_UISupportedInterfaceOrientations_iPad = "UIInterfaceOrientationPortrait UIInterfaceOrientationPortraitUpsideDown UIInterfaceOrientationLandscapeLeft UIInterfaceOrientationLandscapeRight";
				INFOPLIST_KEY_UISupportedInterfaceOrientations_iPhone = "UIInterfaceOrientationPortrait UIInterfaceOrientationLandscapeLeft UIInterfaceOrientationLandscapeRight";
				LD_RUNPATH_SEARCH_PATHS = (
					"$(inherited)",
					"@executable_path/Frameworks",
				);
				MARKETING_VERSION = 1.0;
				PRODUCT_BUNDLE_IDENTIFIER = com.github.gorightnow.GoRightNow;
				PRODUCT_NAME = "$(TARGET_NAME)";
				SWIFT_EMIT_LOC_STRINGS = YES;
				SWIFT_VERSION = 5.0;
				TARGETED_DEVICE_FAMILY = "1,2";
			};
			name = Debug;
		};
		EFE7717128043629005CCE52 /* Release */ = {
			isa = XCBuildConfiguration;
			baseConfigurationReference = 908F263D1FDB404187A262DC /* Pods-GoRightNow.release.xcconfig */;
			buildSettings = {
				ASSETCATALOG_COMPILER_APPICON_NAME = AppIcon;
				ASSETCATALOG_COMPILER_GLOBAL_ACCENT_COLOR_NAME = AccentColor;
				CODE_SIGN_STYLE = Automatic;
				CURRENT_PROJECT_VERSION = 1;
				DEVELOPMENT_ASSET_PATHS = "\"GoRightNow/Preview Content\"";
				ENABLE_PREVIEWS = YES;
				GENERATE_INFOPLIST_FILE = YES;
				INFOPLIST_KEY_UIApplicationSceneManifest_Generation = YES;
				INFOPLIST_KEY_UIApplicationSupportsIndirectInputEvents = YES;
				INFOPLIST_KEY_UILaunchScreen_Generation = YES;
				INFOPLIST_KEY_UISupportedInterfaceOrientations_iPad = "UIInterfaceOrientationPortrait UIInterfaceOrientationPortraitUpsideDown UIInterfaceOrientationLandscapeLeft UIInterfaceOrientationLandscapeRight";
				INFOPLIST_KEY_UISupportedInterfaceOrientations_iPhone = "UIInterfaceOrientationPortrait UIInterfaceOrientationLandscapeLeft UIInterfaceOrientationLandscapeRight";
				LD_RUNPATH_SEARCH_PATHS = (
					"$(inherited)",
					"@executable_path/Frameworks",
				);
				MARKETING_VERSION = 1.0;
				PRODUCT_BUNDLE_IDENTIFIER = com.github.gorightnow.GoRightNow;
				PRODUCT_NAME = "$(TARGET_NAME)";
				SWIFT_EMIT_LOC_STRINGS = YES;
				SWIFT_VERSION = 5.0;
				TARGETED_DEVICE_FAMILY = "1,2";
			};
			name = Release;
		};
		EFE7717328043629005CCE52 /* Debug */ = {
			isa = XCBuildConfiguration;
			baseConfigurationReference = 5E14BCE3B9DE8FBBB56A1E65 /* Pods-GoRightNowTests.debug.xcconfig */;
			buildSettings = {
				ALWAYS_EMBED_SWIFT_STANDARD_LIBRARIES = YES;
				BUNDLE_LOADER = "$(TEST_HOST)";
				CODE_SIGN_STYLE = Automatic;
				CURRENT_PROJECT_VERSION = 1;
				GENERATE_INFOPLIST_FILE = YES;
				IPHONEOS_DEPLOYMENT_TARGET = 15.4;
				MARKETING_VERSION = 1.0;
				PRODUCT_BUNDLE_IDENTIFIER = com.github.gorightnow.GoRightNowTests;
				PRODUCT_NAME = "$(TARGET_NAME)";
				SWIFT_EMIT_LOC_STRINGS = NO;
				SWIFT_VERSION = 5.0;
				TARGETED_DEVICE_FAMILY = "1,2";
				TEST_HOST = "$(BUILT_PRODUCTS_DIR)/GoRightNow.app/GoRightNow";
			};
			name = Debug;
		};
		EFE7717428043629005CCE52 /* Release */ = {
			isa = XCBuildConfiguration;
			baseConfigurationReference = B8E4A3A56B90679667451FA9 /* Pods-GoRightNowTests.release.xcconfig */;
			buildSettings = {
				ALWAYS_EMBED_SWIFT_STANDARD_LIBRARIES = YES;
				BUNDLE_LOADER = "$(TEST_HOST)";
				CODE_SIGN_STYLE = Automatic;
				CURRENT_PROJECT_VERSION = 1;
				GENERATE_INFOPLIST_FILE = YES;
				IPHONEOS_DEPLOYMENT_TARGET = 15.4;
				MARKETING_VERSION = 1.0;
				PRODUCT_BUNDLE_IDENTIFIER = com.github.gorightnow.GoRightNowTests;
				PRODUCT_NAME = "$(TARGET_NAME)";
				SWIFT_EMIT_LOC_STRINGS = NO;
				SWIFT_VERSION = 5.0;
				TARGETED_DEVICE_FAMILY = "1,2";
				TEST_HOST = "$(BUILT_PRODUCTS_DIR)/GoRightNow.app/GoRightNow";
			};
			name = Release;
		};
		EFE7717628043629005CCE52 /* Debug */ = {
			isa = XCBuildConfiguration;
			baseConfigurationReference = EF53D18484663BC508CCD9A8 /* Pods-GoRightNow-GoRightNowUITests.debug.xcconfig */;
			buildSettings = {
				ALWAYS_EMBED_SWIFT_STANDARD_LIBRARIES = YES;
				CODE_SIGN_STYLE = Automatic;
				CURRENT_PROJECT_VERSION = 1;
				GENERATE_INFOPLIST_FILE = YES;
				MARKETING_VERSION = 1.0;
				PRODUCT_BUNDLE_IDENTIFIER = com.github.gorightnow.GoRightNowUITests;
				PRODUCT_NAME = "$(TARGET_NAME)";
				SWIFT_EMIT_LOC_STRINGS = NO;
				SWIFT_VERSION = 5.0;
				TARGETED_DEVICE_FAMILY = "1,2";
				TEST_TARGET_NAME = GoRightNow;
			};
			name = Debug;
		};
		EFE7717728043629005CCE52 /* Release */ = {
			isa = XCBuildConfiguration;
			baseConfigurationReference = 4541B534DF29BABA141DCACC /* Pods-GoRightNow-GoRightNowUITests.release.xcconfig */;
			buildSettings = {
				ALWAYS_EMBED_SWIFT_STANDARD_LIBRARIES = YES;
				CODE_SIGN_STYLE = Automatic;
				CURRENT_PROJECT_VERSION = 1;
				GENERATE_INFOPLIST_FILE = YES;
				MARKETING_VERSION = 1.0;
				PRODUCT_BUNDLE_IDENTIFIER = com.github.gorightnow.GoRightNowUITests;
				PRODUCT_NAME = "$(TARGET_NAME)";
				SWIFT_EMIT_LOC_STRINGS = NO;
				SWIFT_VERSION = 5.0;
				TARGETED_DEVICE_FAMILY = "1,2";
				TEST_TARGET_NAME = GoRightNow;
			};
			name = Release;
		};
/* End XCBuildConfiguration section */

/* Begin XCConfigurationList section */
		EFE7714128043628005CCE52 /* Build configuration list for PBXProject "GoRightNow" */ = {
			isa = XCConfigurationList;
			buildConfigurations = (
				EFE7716D28043629005CCE52 /* Debug */,
				EFE7716E28043629005CCE52 /* Release */,
			);
			defaultConfigurationIsVisible = 0;
			defaultConfigurationName = Release;
		};
		EFE7716F28043629005CCE52 /* Build configuration list for PBXNativeTarget "GoRightNow" */ = {
			isa = XCConfigurationList;
			buildConfigurations = (
				EFE7717028043629005CCE52 /* Debug */,
				EFE7717128043629005CCE52 /* Release */,
			);
			defaultConfigurationIsVisible = 0;
			defaultConfigurationName = Release;
		};
		EFE7717228043629005CCE52 /* Build configuration list for PBXNativeTarget "GoRightNowTests" */ = {
			isa = XCConfigurationList;
			buildConfigurations = (
				EFE7717328043629005CCE52 /* Debug */,
				EFE7717428043629005CCE52 /* Release */,
			);
			defaultConfigurationIsVisible = 0;
			defaultConfigurationName = Release;
		};
		EFE7717528043629005CCE52 /* Build configuration list for PBXNativeTarget "GoRightNowUITests" */ = {
			isa = XCConfigurationList;
			buildConfigurations = (
				EFE7717628043629005CCE52 /* Debug */,
				EFE7717728043629005CCE52 /* Release */,
			);
			defaultConfigurationIsVisible = 0;
			defaultConfigurationName = Release;
		};
/* End XCConfigurationList section */
	};
	rootObject = EFE7713E28043628005CCE52 /* Project object */;
}
